// !$*UTF8*$!
{
	archiveVersion = 1;
	classes = {
	};
	objectVersion = 50;
	objects = {

/* Begin PBXBuildFile section */
		C4037A9824342E1F00150D47 /* AppDelegate.swift in Sources */ = {isa = PBXBuildFile; fileRef = C4037A9724342E1F00150D47 /* AppDelegate.swift */; };
		C4037A9D24342E1F00150D47 /* Mu.xcdatamodeld in Sources */ = {isa = PBXBuildFile; fileRef = C4037A9B24342E1F00150D47 /* Mu.xcdatamodeld */; };
		C4037AA124342E2300150D47 /* Assets.xcassets in Resources */ = {isa = PBXBuildFile; fileRef = C4037AA024342E2300150D47 /* Assets.xcassets */; };
		C4037AA424342E2300150D47 /* Preview Assets.xcassets in Resources */ = {isa = PBXBuildFile; fileRef = C4037AA324342E2300150D47 /* Preview Assets.xcassets */; };
		C4037ABD24342E2300150D47 /* AddTaskTests.swift in Sources */ = {isa = PBXBuildFile; fileRef = C4037ABC24342E2300150D47 /* AddTaskTests.swift */; };
		C406563424AA01A9002926EB /* TaskTargetSetTests.swift in Sources */ = {isa = PBXBuildFile; fileRef = C406563324AA01A9002926EB /* TaskTargetSetTests.swift */; };
		C406563724AA08E9002926EB /* TagTests.swift in Sources */ = {isa = PBXBuildFile; fileRef = C406563624AA08E9002926EB /* TagTests.swift */; };
		C409257C248664A600E463DA /* TaskTargetSetPopup.swift in Sources */ = {isa = PBXBuildFile; fileRef = C409257B248664A600E463DA /* TaskTargetSetPopup.swift */; };
		C40F6D872487BD74008114E5 /* BubbleRows.swift in Sources */ = {isa = PBXBuildFile; fileRef = C40F6D862487BD74008114E5 /* BubbleRows.swift */; };
		C41A73E62451BFD2007007CB /* EditTask.swift in Sources */ = {isa = PBXBuildFile; fileRef = C41A73E52451BFD2007007CB /* EditTask.swift */; };
		C41A73E82451CA8F007007CB /* TodayCollectionViewControllerRepresentable.swift in Sources */ = {isa = PBXBuildFile; fileRef = C41A73E72451CA8F007007CB /* TodayCollectionViewControllerRepresentable.swift */; };
		C41A73EA2451CABC007007CB /* TodayCollectionViewController.swift in Sources */ = {isa = PBXBuildFile; fileRef = C41A73E92451CABC007007CB /* TodayCollectionViewController.swift */; };
		C41A73ED245207F7007007CB /* EditTaskHostingController.swift in Sources */ = {isa = PBXBuildFile; fileRef = C41A73EC245207F7007007CB /* EditTaskHostingController.swift */; };
		C41F8733248F8FF2008AC18D /* Float+Extensions.swift in Sources */ = {isa = PBXBuildFile; fileRef = C41F8732248F8FF2008AC18D /* Float+Extensions.swift */; };
		C43205F524A0B7C0004D3AA1 /* TestContainer.swift in Sources */ = {isa = PBXBuildFile; fileRef = C43205F424A0B7C0004D3AA1 /* TestContainer.swift */; };
		C436D34C24505CAD001ED468 /* TodayCollectionViewCell.swift in Sources */ = {isa = PBXBuildFile; fileRef = C436D34B24505CAD001ED468 /* TodayCollectionViewCell.swift */; };
		C43BD951244472A4003E68DC /* AddTask.swift in Sources */ = {isa = PBXBuildFile; fileRef = C43BD950244472A4003E68DC /* AddTask.swift */; };
		C44940C92498D713009FE818 /* SaveFormatterTests.swift in Sources */ = {isa = PBXBuildFile; fileRef = C44940C82498D713009FE818 /* SaveFormatterTests.swift */; };
		C44940CD2498F113009FE818 /* BubbleRowsTests.swift in Sources */ = {isa = PBXBuildFile; fileRef = C44940CC2498F113009FE818 /* BubbleRowsTests.swift */; };
		C44C7F89243DCCC900072AD8 /* MainTabBarView.swift in Sources */ = {isa = PBXBuildFile; fileRef = C44C7F88243DCCC900072AD8 /* MainTabBarView.swift */; };
		C44C7F8B243DCD3D00072AD8 /* SceneDelegate.swift in Sources */ = {isa = PBXBuildFile; fileRef = C44C7F8A243DCD3D00072AD8 /* SceneDelegate.swift */; };
		C455C2CB248E5895005A3944 /* TaskTargetSet+CoreDataProperties.swift in Sources */ = {isa = PBXBuildFile; fileRef = C455C2C9248E5895005A3944 /* TaskTargetSet+CoreDataProperties.swift */; };
		C4578D2324B4065C008BD3D4 /* TaskNameTextField.swift in Sources */ = {isa = PBXBuildFile; fileRef = C4578D2224B4065C008BD3D4 /* TaskNameTextField.swift */; };
		C4578D2524B4076D008BD3D4 /* SelectDateSection.swift in Sources */ = {isa = PBXBuildFile; fileRef = C4578D2424B4076D008BD3D4 /* SelectDateSection.swift */; };
		C45790AE249FE74C002E16D5 /* TaskTests.swift in Sources */ = {isa = PBXBuildFile; fileRef = C45790AD249FE74C002E16D5 /* TaskTests.swift */; };
		C462099A24A1FE5100F52F16 /* NewTaskTests.swift in Sources */ = {isa = PBXBuildFile; fileRef = C462099924A1FE5100F52F16 /* NewTaskTests.swift */; };
		C462C054243A1F9600EBB940 /* TodayViewControllerUITests.swift in Sources */ = {isa = PBXBuildFile; fileRef = C462C053243A1F9600EBB940 /* TodayViewControllerUITests.swift */; };
		C466A7A624473A2500EC3E97 /* Date+Extensions.swift in Sources */ = {isa = PBXBuildFile; fileRef = C466A7A524473A2500EC3E97 /* Date+Extensions.swift */; };
		C4697EE224561BEF00B028A2 /* CDCoordinator.swift in Sources */ = {isa = PBXBuildFile; fileRef = C4697EE124561BEF00B028A2 /* CDCoordinator.swift */; };
		C46C466B247DFC83001431B8 /* TaskInstance+CoreDataClass.swift in Sources */ = {isa = PBXBuildFile; fileRef = C46C4669247DFC83001431B8 /* TaskInstance+CoreDataClass.swift */; };
		C46DC968243DEBB20037C74C /* TodayView.swift in Sources */ = {isa = PBXBuildFile; fileRef = C46DC967243DEBB20037C74C /* TodayView.swift */; };
		C46DC96A243DEC3B0037C74C /* AnalysisView.swift in Sources */ = {isa = PBXBuildFile; fileRef = C46DC969243DEC3B0037C74C /* AnalysisView.swift */; };
		C46DC96C243DEC420037C74C /* ManageView.swift in Sources */ = {isa = PBXBuildFile; fileRef = C46DC96B243DEC420037C74C /* ManageView.swift */; };
		C46DC96E243DEC480037C74C /* SettingsView.swift in Sources */ = {isa = PBXBuildFile; fileRef = C46DC96D243DEC480037C74C /* SettingsView.swift */; };
		C47389932482C78100462134 /* TaskInstance+CoreDataProperties.swift in Sources */ = {isa = PBXBuildFile; fileRef = C473898F2482C78100462134 /* TaskInstance+CoreDataProperties.swift */; };
		C47389992482CCB400462134 /* DayPattern.swift in Sources */ = {isa = PBXBuildFile; fileRef = C47389982482CCB400462134 /* DayPattern.swift */; };
		C48D835C24A8313100C885B7 /* TargetSetUpdateTests.swift in Sources */ = {isa = PBXBuildFile; fileRef = C48D835B24A8313100C885B7 /* TargetSetUpdateTests.swift */; };
		C48F02442448A5730088227F /* TaskSummaryAnalysis+CoreDataClass.swift in Sources */ = {isa = PBXBuildFile; fileRef = C48F02302448A5730088227F /* TaskSummaryAnalysis+CoreDataClass.swift */; };
		C48F02482448A5730088227F /* Tag+CoreDataClass.swift in Sources */ = {isa = PBXBuildFile; fileRef = C48F02342448A5730088227F /* Tag+CoreDataClass.swift */; };
		C48F024A2448A5730088227F /* LegendEntry+CoreDataClass.swift in Sources */ = {isa = PBXBuildFile; fileRef = C48F02362448A5730088227F /* LegendEntry+CoreDataClass.swift */; };
		C48F024E2448A5730088227F /* Task+CoreDataClass.swift in Sources */ = {isa = PBXBuildFile; fileRef = C48F023A2448A5730088227F /* Task+CoreDataClass.swift */; };
		C48F02562448A5730088227F /* Analysis+CoreDataClass.swift in Sources */ = {isa = PBXBuildFile; fileRef = C48F02422448A5730088227F /* Analysis+CoreDataClass.swift */; };
		C48F9762245ADBC3000339E9 /* SelectDatePopup.swift in Sources */ = {isa = PBXBuildFile; fileRef = C48F9761245ADBC3000339E9 /* SelectDatePopup.swift */; };
		C499FFED247364DF00ABB64C /* SaveFormatter.swift in Sources */ = {isa = PBXBuildFile; fileRef = C499FFEC247364DF00ABB64C /* SaveFormatter.swift */; };
		C499FFF4247371FA00ABB64C /* TaskTargetSet+CoreDataClass.swift in Sources */ = {isa = PBXBuildFile; fileRef = C499FFF2247371FA00ABB64C /* TaskTargetSet+CoreDataClass.swift */; };
		C49B3464243921FE00CF3FCD /* MainTabBarUITests.swift in Sources */ = {isa = PBXBuildFile; fileRef = C49B3463243921FE00CF3FCD /* MainTabBarUITests.swift */; };
		C4AF6FAC24A613F0003D4562 /* DateUpdateTests.swift in Sources */ = {isa = PBXBuildFile; fileRef = C4AF6FAB24A613F0003D4562 /* DateUpdateTests.swift */; };
		C4B2AC6F249ECDD000FC98F1 /* TaskTargetSetViewTests.swift in Sources */ = {isa = PBXBuildFile; fileRef = C4B2AC6E249ECDD000FC98F1 /* TaskTargetSetViewTests.swift */; };
		C4B2AC73249EEE8E00FC98F1 /* TaskTargetSetPopupTests.swift in Sources */ = {isa = PBXBuildFile; fileRef = C4B2AC72249EEE8E00FC98F1 /* TaskTargetSetPopupTests.swift */; };
		C4D8A34D249EB1D7008B3B9C /* DateExtensionTests.swift in Sources */ = {isa = PBXBuildFile; fileRef = C4D8A34C249EB1D7008B3B9C /* DateExtensionTests.swift */; };
		C4DAFA1624A35F82007E85AB /* NSManagedObject+Extensions.swift in Sources */ = {isa = PBXBuildFile; fileRef = C4DAFA1524A35F82007E85AB /* NSManagedObject+Extensions.swift */; };
		C4DB3ED92491508700C2DC8E /* ConfirmDeletePopup.swift in Sources */ = {isa = PBXBuildFile; fileRef = C4DB3ED82491508700C2DC8E /* ConfirmDeletePopup.swift */; };
		C4DCDFBA24B12A3B008F727F /* XCUIElement+Extensions.swift in Sources */ = {isa = PBXBuildFile; fileRef = C4DCDFB924B12A3B008F727F /* XCUIElement+Extensions.swift */; };
		C4E73FBF245DFD0D007ADD34 /* Analysis+CoreDataProperties.swift in Sources */ = {isa = PBXBuildFile; fileRef = C4E73FAB245DFD0D007ADD34 /* Analysis+CoreDataProperties.swift */; };
		C4E73FC5245DFD0D007ADD34 /* LegendEntry+CoreDataProperties.swift in Sources */ = {isa = PBXBuildFile; fileRef = C4E73FB1245DFD0D007ADD34 /* LegendEntry+CoreDataProperties.swift */; };
		C4E73FCB245DFD0D007ADD34 /* Tag+CoreDataProperties.swift in Sources */ = {isa = PBXBuildFile; fileRef = C4E73FB7245DFD0D007ADD34 /* Tag+CoreDataProperties.swift */; };
		C4E73FCD245DFD0D007ADD34 /* Task+CoreDataProperties.swift in Sources */ = {isa = PBXBuildFile; fileRef = C4E73FB9245DFD0D007ADD34 /* Task+CoreDataProperties.swift */; };
		C4E73FCF245DFD0D007ADD34 /* TaskSummaryAnalysis+CoreDataProperties.swift in Sources */ = {isa = PBXBuildFile; fileRef = C4E73FBB245DFD0D007ADD34 /* TaskSummaryAnalysis+CoreDataProperties.swift */; };
		C4EADF7324889D1C0080CD01 /* BubbleRowsToggleable.swift in Sources */ = {isa = PBXBuildFile; fileRef = C4EADF7224889D1C0080CD01 /* BubbleRowsToggleable.swift */; };
		C4F4BBC22471C30900065E4B /* TaskTargetSetView.swift in Sources */ = {isa = PBXBuildFile; fileRef = C4F4BBC12471C30900065E4B /* TaskTargetSetView.swift */; };
/* End PBXBuildFile section */

/* Begin PBXContainerItemProxy section */
		C4037AAE24342E2300150D47 /* PBXContainerItemProxy */ = {
			isa = PBXContainerItemProxy;
			containerPortal = C4037A8C24342E1F00150D47 /* Project object */;
			proxyType = 1;
			remoteGlobalIDString = C4037A9324342E1F00150D47;
			remoteInfo = Mu;
		};
		C4037AB924342E2300150D47 /* PBXContainerItemProxy */ = {
			isa = PBXContainerItemProxy;
			containerPortal = C4037A8C24342E1F00150D47 /* Project object */;
			proxyType = 1;
			remoteGlobalIDString = C4037A9324342E1F00150D47;
			remoteInfo = Mu;
		};
/* End PBXContainerItemProxy section */

/* Begin PBXFileReference section */
		C4037A9424342E1F00150D47 /* Mu.app */ = {isa = PBXFileReference; explicitFileType = wrapper.application; includeInIndex = 0; path = Mu.app; sourceTree = BUILT_PRODUCTS_DIR; };
		C4037A9724342E1F00150D47 /* AppDelegate.swift */ = {isa = PBXFileReference; lastKnownFileType = sourcecode.swift; path = AppDelegate.swift; sourceTree = "<group>"; };
		C4037A9C24342E1F00150D47 /* Mu.xcdatamodel */ = {isa = PBXFileReference; lastKnownFileType = wrapper.xcdatamodel; path = Mu.xcdatamodel; sourceTree = "<group>"; };
		C4037AA024342E2300150D47 /* Assets.xcassets */ = {isa = PBXFileReference; lastKnownFileType = folder.assetcatalog; path = Assets.xcassets; sourceTree = "<group>"; };
		C4037AA324342E2300150D47 /* Preview Assets.xcassets */ = {isa = PBXFileReference; lastKnownFileType = folder.assetcatalog; path = "Preview Assets.xcassets"; sourceTree = "<group>"; };
		C4037AA824342E2300150D47 /* Info.plist */ = {isa = PBXFileReference; lastKnownFileType = text.plist.xml; path = Info.plist; sourceTree = "<group>"; };
		C4037AAD24342E2300150D47 /* MuTests.xctest */ = {isa = PBXFileReference; explicitFileType = wrapper.cfbundle; includeInIndex = 0; path = MuTests.xctest; sourceTree = BUILT_PRODUCTS_DIR; };
		C4037AB324342E2300150D47 /* Info.plist */ = {isa = PBXFileReference; lastKnownFileType = text.plist.xml; path = Info.plist; sourceTree = "<group>"; };
		C4037AB824342E2300150D47 /* MuUITests.xctest */ = {isa = PBXFileReference; explicitFileType = wrapper.cfbundle; includeInIndex = 0; path = MuUITests.xctest; sourceTree = BUILT_PRODUCTS_DIR; };
		C4037ABC24342E2300150D47 /* AddTaskTests.swift */ = {isa = PBXFileReference; lastKnownFileType = sourcecode.swift; path = AddTaskTests.swift; sourceTree = "<group>"; };
		C4037ABE24342E2300150D47 /* Info.plist */ = {isa = PBXFileReference; lastKnownFileType = text.plist.xml; path = Info.plist; sourceTree = "<group>"; };
		C406563324AA01A9002926EB /* TaskTargetSetTests.swift */ = {isa = PBXFileReference; lastKnownFileType = sourcecode.swift; path = TaskTargetSetTests.swift; sourceTree = "<group>"; };
		C406563624AA08E9002926EB /* TagTests.swift */ = {isa = PBXFileReference; lastKnownFileType = sourcecode.swift; path = TagTests.swift; sourceTree = "<group>"; };
		C409257B248664A600E463DA /* TaskTargetSetPopup.swift */ = {isa = PBXFileReference; lastKnownFileType = sourcecode.swift; path = TaskTargetSetPopup.swift; sourceTree = "<group>"; };
		C40F6D862487BD74008114E5 /* BubbleRows.swift */ = {isa = PBXFileReference; lastKnownFileType = sourcecode.swift; path = BubbleRows.swift; sourceTree = "<group>"; };
		C41A73E52451BFD2007007CB /* EditTask.swift */ = {isa = PBXFileReference; lastKnownFileType = sourcecode.swift; path = EditTask.swift; sourceTree = "<group>"; };
		C41A73E72451CA8F007007CB /* TodayCollectionViewControllerRepresentable.swift */ = {isa = PBXFileReference; lastKnownFileType = sourcecode.swift; path = TodayCollectionViewControllerRepresentable.swift; sourceTree = "<group>"; };
		C41A73E92451CABC007007CB /* TodayCollectionViewController.swift */ = {isa = PBXFileReference; lastKnownFileType = sourcecode.swift; path = TodayCollectionViewController.swift; sourceTree = "<group>"; };
		C41A73EC245207F7007007CB /* EditTaskHostingController.swift */ = {isa = PBXFileReference; lastKnownFileType = sourcecode.swift; path = EditTaskHostingController.swift; sourceTree = "<group>"; };
		C41F8732248F8FF2008AC18D /* Float+Extensions.swift */ = {isa = PBXFileReference; lastKnownFileType = sourcecode.swift; path = "Float+Extensions.swift"; sourceTree = "<group>"; };
		C43205F424A0B7C0004D3AA1 /* TestContainer.swift */ = {isa = PBXFileReference; lastKnownFileType = sourcecode.swift; path = TestContainer.swift; sourceTree = "<group>"; };
		C436D34B24505CAD001ED468 /* TodayCollectionViewCell.swift */ = {isa = PBXFileReference; lastKnownFileType = sourcecode.swift; path = TodayCollectionViewCell.swift; sourceTree = "<group>"; };
		C43BD950244472A4003E68DC /* AddTask.swift */ = {isa = PBXFileReference; lastKnownFileType = sourcecode.swift; path = AddTask.swift; sourceTree = "<group>"; };
		C44940C82498D713009FE818 /* SaveFormatterTests.swift */ = {isa = PBXFileReference; lastKnownFileType = sourcecode.swift; path = SaveFormatterTests.swift; sourceTree = "<group>"; };
		C44940CC2498F113009FE818 /* BubbleRowsTests.swift */ = {isa = PBXFileReference; lastKnownFileType = sourcecode.swift; path = BubbleRowsTests.swift; sourceTree = "<group>"; };
		C44C7F88243DCCC900072AD8 /* MainTabBarView.swift */ = {isa = PBXFileReference; lastKnownFileType = sourcecode.swift; path = MainTabBarView.swift; sourceTree = "<group>"; };
		C44C7F8A243DCD3D00072AD8 /* SceneDelegate.swift */ = {isa = PBXFileReference; lastKnownFileType = sourcecode.swift; path = SceneDelegate.swift; sourceTree = "<group>"; };
		C455C2C9248E5895005A3944 /* TaskTargetSet+CoreDataProperties.swift */ = {isa = PBXFileReference; lastKnownFileType = sourcecode.swift; path = "TaskTargetSet+CoreDataProperties.swift"; sourceTree = "<group>"; };
		C4578D2224B4065C008BD3D4 /* TaskNameTextField.swift */ = {isa = PBXFileReference; lastKnownFileType = sourcecode.swift; path = TaskNameTextField.swift; sourceTree = "<group>"; };
		C4578D2424B4076D008BD3D4 /* SelectDateSection.swift */ = {isa = PBXFileReference; lastKnownFileType = sourcecode.swift; path = SelectDateSection.swift; sourceTree = "<group>"; };
		C45790AD249FE74C002E16D5 /* TaskTests.swift */ = {isa = PBXFileReference; lastKnownFileType = sourcecode.swift; path = TaskTests.swift; sourceTree = "<group>"; };
		C462099924A1FE5100F52F16 /* NewTaskTests.swift */ = {isa = PBXFileReference; lastKnownFileType = sourcecode.swift; path = NewTaskTests.swift; sourceTree = "<group>"; };
		C462C053243A1F9600EBB940 /* TodayViewControllerUITests.swift */ = {isa = PBXFileReference; lastKnownFileType = sourcecode.swift; path = TodayViewControllerUITests.swift; sourceTree = "<group>"; };
		C466A7A524473A2500EC3E97 /* Date+Extensions.swift */ = {isa = PBXFileReference; lastKnownFileType = sourcecode.swift; path = "Date+Extensions.swift"; sourceTree = "<group>"; };
		C4697EE124561BEF00B028A2 /* CDCoordinator.swift */ = {isa = PBXFileReference; lastKnownFileType = sourcecode.swift; path = CDCoordinator.swift; sourceTree = "<group>"; };
		C46C4669247DFC83001431B8 /* TaskInstance+CoreDataClass.swift */ = {isa = PBXFileReference; lastKnownFileType = sourcecode.swift; path = "TaskInstance+CoreDataClass.swift"; sourceTree = "<group>"; };
		C46DC967243DEBB20037C74C /* TodayView.swift */ = {isa = PBXFileReference; lastKnownFileType = sourcecode.swift; path = TodayView.swift; sourceTree = "<group>"; };
		C46DC969243DEC3B0037C74C /* AnalysisView.swift */ = {isa = PBXFileReference; lastKnownFileType = sourcecode.swift; path = AnalysisView.swift; sourceTree = "<group>"; };
		C46DC96B243DEC420037C74C /* ManageView.swift */ = {isa = PBXFileReference; lastKnownFileType = sourcecode.swift; path = ManageView.swift; sourceTree = "<group>"; };
		C46DC96D243DEC480037C74C /* SettingsView.swift */ = {isa = PBXFileReference; lastKnownFileType = sourcecode.swift; path = SettingsView.swift; sourceTree = "<group>"; };
		C473898F2482C78100462134 /* TaskInstance+CoreDataProperties.swift */ = {isa = PBXFileReference; lastKnownFileType = sourcecode.swift; path = "TaskInstance+CoreDataProperties.swift"; sourceTree = "<group>"; };
		C47389982482CCB400462134 /* DayPattern.swift */ = {isa = PBXFileReference; lastKnownFileType = sourcecode.swift; path = DayPattern.swift; sourceTree = "<group>"; };
		C48D835B24A8313100C885B7 /* TargetSetUpdateTests.swift */ = {isa = PBXFileReference; lastKnownFileType = sourcecode.swift; path = TargetSetUpdateTests.swift; sourceTree = "<group>"; };
		C48F02302448A5730088227F /* TaskSummaryAnalysis+CoreDataClass.swift */ = {isa = PBXFileReference; lastKnownFileType = sourcecode.swift; path = "TaskSummaryAnalysis+CoreDataClass.swift"; sourceTree = "<group>"; };
		C48F02342448A5730088227F /* Tag+CoreDataClass.swift */ = {isa = PBXFileReference; lastKnownFileType = sourcecode.swift; path = "Tag+CoreDataClass.swift"; sourceTree = "<group>"; };
		C48F02362448A5730088227F /* LegendEntry+CoreDataClass.swift */ = {isa = PBXFileReference; lastKnownFileType = sourcecode.swift; path = "LegendEntry+CoreDataClass.swift"; sourceTree = "<group>"; };
		C48F023A2448A5730088227F /* Task+CoreDataClass.swift */ = {isa = PBXFileReference; lastKnownFileType = sourcecode.swift; path = "Task+CoreDataClass.swift"; sourceTree = "<group>"; };
		C48F02422448A5730088227F /* Analysis+CoreDataClass.swift */ = {isa = PBXFileReference; lastKnownFileType = sourcecode.swift; path = "Analysis+CoreDataClass.swift"; sourceTree = "<group>"; };
		C48F9761245ADBC3000339E9 /* SelectDatePopup.swift */ = {isa = PBXFileReference; lastKnownFileType = sourcecode.swift; path = SelectDatePopup.swift; sourceTree = "<group>"; };
		C499FFEC247364DF00ABB64C /* SaveFormatter.swift */ = {isa = PBXFileReference; lastKnownFileType = sourcecode.swift; path = SaveFormatter.swift; sourceTree = "<group>"; };
		C499FFF2247371FA00ABB64C /* TaskTargetSet+CoreDataClass.swift */ = {isa = PBXFileReference; lastKnownFileType = sourcecode.swift; path = "TaskTargetSet+CoreDataClass.swift"; sourceTree = "<group>"; };
		C49B3463243921FE00CF3FCD /* MainTabBarUITests.swift */ = {isa = PBXFileReference; lastKnownFileType = sourcecode.swift; name = MainTabBarUITests.swift; path = MuUITests/MainTabBarUITests.swift; sourceTree = SOURCE_ROOT; };
		C4AF6FAB24A613F0003D4562 /* DateUpdateTests.swift */ = {isa = PBXFileReference; lastKnownFileType = sourcecode.swift; path = DateUpdateTests.swift; sourceTree = "<group>"; };
		C4B2AC6E249ECDD000FC98F1 /* TaskTargetSetViewTests.swift */ = {isa = PBXFileReference; lastKnownFileType = sourcecode.swift; path = TaskTargetSetViewTests.swift; sourceTree = "<group>"; };
		C4B2AC72249EEE8E00FC98F1 /* TaskTargetSetPopupTests.swift */ = {isa = PBXFileReference; lastKnownFileType = sourcecode.swift; path = TaskTargetSetPopupTests.swift; sourceTree = "<group>"; };
		C4D8A34C249EB1D7008B3B9C /* DateExtensionTests.swift */ = {isa = PBXFileReference; lastKnownFileType = sourcecode.swift; path = DateExtensionTests.swift; sourceTree = "<group>"; };
		C4DAFA1524A35F82007E85AB /* NSManagedObject+Extensions.swift */ = {isa = PBXFileReference; lastKnownFileType = sourcecode.swift; path = "NSManagedObject+Extensions.swift"; sourceTree = "<group>"; };
		C4DB3ED82491508700C2DC8E /* ConfirmDeletePopup.swift */ = {isa = PBXFileReference; lastKnownFileType = sourcecode.swift; path = ConfirmDeletePopup.swift; sourceTree = "<group>"; };
		C4DCDFB924B12A3B008F727F /* XCUIElement+Extensions.swift */ = {isa = PBXFileReference; lastKnownFileType = sourcecode.swift; path = "XCUIElement+Extensions.swift"; sourceTree = "<group>"; };
		C4E73FAB245DFD0D007ADD34 /* Analysis+CoreDataProperties.swift */ = {isa = PBXFileReference; lastKnownFileType = sourcecode.swift; path = "Analysis+CoreDataProperties.swift"; sourceTree = "<group>"; };
		C4E73FB1245DFD0D007ADD34 /* LegendEntry+CoreDataProperties.swift */ = {isa = PBXFileReference; lastKnownFileType = sourcecode.swift; path = "LegendEntry+CoreDataProperties.swift"; sourceTree = "<group>"; };
		C4E73FB7245DFD0D007ADD34 /* Tag+CoreDataProperties.swift */ = {isa = PBXFileReference; lastKnownFileType = sourcecode.swift; path = "Tag+CoreDataProperties.swift"; sourceTree = "<group>"; };
		C4E73FB9245DFD0D007ADD34 /* Task+CoreDataProperties.swift */ = {isa = PBXFileReference; lastKnownFileType = sourcecode.swift; path = "Task+CoreDataProperties.swift"; sourceTree = "<group>"; };
		C4E73FBB245DFD0D007ADD34 /* TaskSummaryAnalysis+CoreDataProperties.swift */ = {isa = PBXFileReference; lastKnownFileType = sourcecode.swift; path = "TaskSummaryAnalysis+CoreDataProperties.swift"; sourceTree = "<group>"; };
		C4EADF7224889D1C0080CD01 /* BubbleRowsToggleable.swift */ = {isa = PBXFileReference; lastKnownFileType = sourcecode.swift; path = BubbleRowsToggleable.swift; sourceTree = "<group>"; };
		C4F4BBC12471C30900065E4B /* TaskTargetSetView.swift */ = {isa = PBXFileReference; lastKnownFileType = sourcecode.swift; path = TaskTargetSetView.swift; sourceTree = "<group>"; };
/* End PBXFileReference section */

/* Begin PBXFrameworksBuildPhase section */
		C4037A9124342E1F00150D47 /* Frameworks */ = {
			isa = PBXFrameworksBuildPhase;
			buildActionMask = 2147483647;
			files = (
			);
			runOnlyForDeploymentPostprocessing = 0;
		};
		C4037AAA24342E2300150D47 /* Frameworks */ = {
			isa = PBXFrameworksBuildPhase;
			buildActionMask = 2147483647;
			files = (
			);
			runOnlyForDeploymentPostprocessing = 0;
		};
		C4037AB524342E2300150D47 /* Frameworks */ = {
			isa = PBXFrameworksBuildPhase;
			buildActionMask = 2147483647;
			files = (
			);
			runOnlyForDeploymentPostprocessing = 0;
		};
/* End PBXFrameworksBuildPhase section */

/* Begin PBXGroup section */
		C4037A8B24342E1F00150D47 = {
			isa = PBXGroup;
			children = (
				C4037A9624342E1F00150D47 /* Mu */,
				C4037AB024342E2300150D47 /* MuTests */,
				C4037ABB24342E2300150D47 /* MuUITests */,
				C4037A9524342E1F00150D47 /* Products */,
			);
			sourceTree = "<group>";
		};
		C4037A9524342E1F00150D47 /* Products */ = {
			isa = PBXGroup;
			children = (
				C4037A9424342E1F00150D47 /* Mu.app */,
				C4037AAD24342E2300150D47 /* MuTests.xctest */,
				C4037AB824342E2300150D47 /* MuUITests.xctest */,
			);
			name = Products;
			sourceTree = "<group>";
		};
		C4037A9624342E1F00150D47 /* Mu */ = {
			isa = PBXGroup;
			children = (
				C4037AA224342E2300150D47 /* Preview Content */,
				C48F022F2448A4700088227F /* core-data */,
				C44C7F85243CA54A00072AD8 /* views */,
				C466A7A324473A0400EC3E97 /* util */,
				C4037AA824342E2300150D47 /* Info.plist */,
				C4037A9724342E1F00150D47 /* AppDelegate.swift */,
				C44C7F8A243DCD3D00072AD8 /* SceneDelegate.swift */,
				C4037A9B24342E1F00150D47 /* Mu.xcdatamodeld */,
				C4037AA024342E2300150D47 /* Assets.xcassets */,
			);
			path = Mu;
			sourceTree = "<group>";
		};
		C4037AA224342E2300150D47 /* Preview Content */ = {
			isa = PBXGroup;
			children = (
				C4037AA324342E2300150D47 /* Preview Assets.xcassets */,
			);
			path = "Preview Content";
			sourceTree = "<group>";
		};
		C4037AB024342E2300150D47 /* MuTests */ = {
			isa = PBXGroup;
			children = (
				C4037AB324342E2300150D47 /* Info.plist */,
				C44940CC2498F113009FE818 /* BubbleRowsTests.swift */,
				C4D8A34C249EB1D7008B3B9C /* DateExtensionTests.swift */,
				C44940C82498D713009FE818 /* SaveFormatterTests.swift */,
				C4B2AC72249EEE8E00FC98F1 /* TaskTargetSetPopupTests.swift */,
				C4B2AC6E249ECDD000FC98F1 /* TaskTargetSetViewTests.swift */,
				C45790AC249FE72A002E16D5 /* core-data */,
			);
			path = MuTests;
			sourceTree = "<group>";
		};
		C4037ABB24342E2300150D47 /* MuUITests */ = {
			isa = PBXGroup;
			children = (
				C4037ABE24342E2300150D47 /* Info.plist */,
				C4037ABC24342E2300150D47 /* AddTaskTests.swift */,
				C49B3463243921FE00CF3FCD /* MainTabBarUITests.swift */,
				C462C053243A1F9600EBB940 /* TodayViewControllerUITests.swift */,
				C4DCDFBC24B144E8008F727F /* util */,
			);
			path = MuUITests;
			sourceTree = "<group>";
		};
		C406563224AA0199002926EB /* tasktargetset-tests */ = {
			isa = PBXGroup;
			children = (
				C406563324AA01A9002926EB /* TaskTargetSetTests.swift */,
			);
			path = "tasktargetset-tests";
			sourceTree = "<group>";
		};
		C406563524AA08DC002926EB /* tag-tests */ = {
			isa = PBXGroup;
			children = (
				C406563624AA08E9002926EB /* TagTests.swift */,
			);
			path = "tag-tests";
			sourceTree = "<group>";
		};
		C41A73EB245207A2007007CB /* hosting */ = {
			isa = PBXGroup;
			children = (
				C41A73EC245207F7007007CB /* EditTaskHostingController.swift */,
			);
			path = hosting;
			sourceTree = "<group>";
		};
		C436D34924505A10001ED468 /* representable */ = {
			isa = PBXGroup;
			children = (
				C436D34B24505CAD001ED468 /* TodayCollectionViewCell.swift */,
				C41A73E92451CABC007007CB /* TodayCollectionViewController.swift */,
				C41A73E72451CA8F007007CB /* TodayCollectionViewControllerRepresentable.swift */,
			);
			path = representable;
			sourceTree = "<group>";
		};
		C43BD94F2444728C003E68DC /* task-views */ = {
			isa = PBXGroup;
			children = (
				C43BD950244472A4003E68DC /* AddTask.swift */,
				C41A73E52451BFD2007007CB /* EditTask.swift */,
				C4578D2124B40645008BD3D4 /* reused-views */,
				C48719A224891999004463F4 /* task-target-set-views */,
			);
			path = "task-views";
			sourceTree = "<group>";
		};
		C44C7F85243CA54A00072AD8 /* views */ = {
			isa = PBXGroup;
			children = (
				C48F9763245B0B6B000339E9 /* popups */,
				C41A73EB245207A2007007CB /* hosting */,
				C436D34924505A10001ED468 /* representable */,
				C4D0439024598DB200A75BC9 /* tab-bar */,
				C43BD94F2444728C003E68DC /* task-views */,
			);
			path = views;
			sourceTree = "<group>";
		};
		C4578D2124B40645008BD3D4 /* reused-views */ = {
			isa = PBXGroup;
			children = (
				C4578D2224B4065C008BD3D4 /* TaskNameTextField.swift */,
				C4578D2424B4076D008BD3D4 /* SelectDateSection.swift */,
			);
			path = "reused-views";
			sourceTree = "<group>";
		};
		C45790AC249FE72A002E16D5 /* core-data */ = {
			isa = PBXGroup;
			children = (
				C406563524AA08DC002926EB /* tag-tests */,
				C406563224AA0199002926EB /* tasktargetset-tests */,
				C43205F424A0B7C0004D3AA1 /* TestContainer.swift */,
				C462099824A1FE3D00F52F16 /* task-tests */,
			);
			path = "core-data";
			sourceTree = "<group>";
		};
		C462099824A1FE3D00F52F16 /* task-tests */ = {
			isa = PBXGroup;
			children = (
				C45790AD249FE74C002E16D5 /* TaskTests.swift */,
				C4F8324324A9482D007213DA /* instance-generation-tests */,
			);
			path = "task-tests";
			sourceTree = "<group>";
		};
		C466A7A324473A0400EC3E97 /* util */ = {
			isa = PBXGroup;
			children = (
				C466A7A424473A1100EC3E97 /* extensions */,
			);
			path = util;
			sourceTree = "<group>";
		};
		C466A7A424473A1100EC3E97 /* extensions */ = {
			isa = PBXGroup;
			children = (
				C466A7A524473A2500EC3E97 /* Date+Extensions.swift */,
				C41F8732248F8FF2008AC18D /* Float+Extensions.swift */,
			);
			path = extensions;
			sourceTree = "<group>";
		};
		C46826D02482EC0B006670A8 /* transformable */ = {
			isa = PBXGroup;
			children = (
				C47389982482CCB400462134 /* DayPattern.swift */,
			);
			path = transformable;
			sourceTree = "<group>";
		};
		C48719A224891999004463F4 /* task-target-set-views */ = {
			isa = PBXGroup;
			children = (
				C40F6D862487BD74008114E5 /* BubbleRows.swift */,
				C4EADF7224889D1C0080CD01 /* BubbleRowsToggleable.swift */,
				C409257B248664A600E463DA /* TaskTargetSetPopup.swift */,
				C4F4BBC12471C30900065E4B /* TaskTargetSetView.swift */,
			);
			path = "task-target-set-views";
			sourceTree = "<group>";
		};
		C48F022F2448A4700088227F /* core-data */ = {
			isa = PBXGroup;
			children = (
				C4697EE124561BEF00B028A2 /* CDCoordinator.swift */,
				C4DAFA1524A35F82007E85AB /* NSManagedObject+Extensions.swift */,
				C499FFEC247364DF00ABB64C /* SaveFormatter.swift */,
				C4D04367245988E900A75BC9 /* properties */,
				C4D04366245988D200A75BC9 /* subclasses */,
				C46826D02482EC0B006670A8 /* transformable */,
			);
			path = "core-data";
			sourceTree = "<group>";
		};
		C48F9763245B0B6B000339E9 /* popups */ = {
			isa = PBXGroup;
			children = (
				C4DB3ED82491508700C2DC8E /* ConfirmDeletePopup.swift */,
				C48F9761245ADBC3000339E9 /* SelectDatePopup.swift */,
			);
			path = popups;
			sourceTree = "<group>";
		};
		C4D04366245988D200A75BC9 /* subclasses */ = {
			isa = PBXGroup;
			children = (
				C48F02422448A5730088227F /* Analysis+CoreDataClass.swift */,
				C48F02362448A5730088227F /* LegendEntry+CoreDataClass.swift */,
				C48F02342448A5730088227F /* Tag+CoreDataClass.swift */,
				C48F023A2448A5730088227F /* Task+CoreDataClass.swift */,
				C46C4669247DFC83001431B8 /* TaskInstance+CoreDataClass.swift */,
				C48F02302448A5730088227F /* TaskSummaryAnalysis+CoreDataClass.swift */,
				C499FFF2247371FA00ABB64C /* TaskTargetSet+CoreDataClass.swift */,
			);
			path = subclasses;
			sourceTree = "<group>";
		};
		C4D04367245988E900A75BC9 /* properties */ = {
			isa = PBXGroup;
			children = (
				C4E73FAB245DFD0D007ADD34 /* Analysis+CoreDataProperties.swift */,
				C455C2C9248E5895005A3944 /* TaskTargetSet+CoreDataProperties.swift */,
				C4E73FB1245DFD0D007ADD34 /* LegendEntry+CoreDataProperties.swift */,
				C4E73FB7245DFD0D007ADD34 /* Tag+CoreDataProperties.swift */,
				C4E73FB9245DFD0D007ADD34 /* Task+CoreDataProperties.swift */,
				C473898F2482C78100462134 /* TaskInstance+CoreDataProperties.swift */,
				C4E73FBB245DFD0D007ADD34 /* TaskSummaryAnalysis+CoreDataProperties.swift */,
			);
			path = properties;
			sourceTree = "<group>";
		};
		C4D0439024598DB200A75BC9 /* tab-bar */ = {
			isa = PBXGroup;
			children = (
				C46DC969243DEC3B0037C74C /* AnalysisView.swift */,
				C44C7F88243DCCC900072AD8 /* MainTabBarView.swift */,
				C46DC96B243DEC420037C74C /* ManageView.swift */,
				C46DC96D243DEC480037C74C /* SettingsView.swift */,
				C46DC967243DEBB20037C74C /* TodayView.swift */,
			);
			path = "tab-bar";
			sourceTree = "<group>";
		};
		C4DCDFBC24B144E8008F727F /* util */ = {
			isa = PBXGroup;
			children = (
				C4DCDFB924B12A3B008F727F /* XCUIElement+Extensions.swift */,
			);
			path = util;
			sourceTree = "<group>";
		};
		C4F8324324A9482D007213DA /* instance-generation-tests */ = {
			isa = PBXGroup;
			children = (
				C4AF6FAB24A613F0003D4562 /* DateUpdateTests.swift */,
				C462099924A1FE5100F52F16 /* NewTaskTests.swift */,
				C48D835B24A8313100C885B7 /* TargetSetUpdateTests.swift */,
			);
			path = "instance-generation-tests";
			sourceTree = "<group>";
		};
/* End PBXGroup section */

/* Begin PBXNativeTarget section */
		C4037A9324342E1F00150D47 /* Mu */ = {
			isa = PBXNativeTarget;
			buildConfigurationList = C4037AC124342E2300150D47 /* Build configuration list for PBXNativeTarget "Mu" */;
			buildPhases = (
				C4037A9024342E1F00150D47 /* Sources */,
				C4037A9124342E1F00150D47 /* Frameworks */,
				C4037A9224342E1F00150D47 /* Resources */,
			);
			buildRules = (
			);
			dependencies = (
			);
			name = Mu;
			productName = Mu;
			productReference = C4037A9424342E1F00150D47 /* Mu.app */;
			productType = "com.apple.product-type.application";
		};
		C4037AAC24342E2300150D47 /* MuTests */ = {
			isa = PBXNativeTarget;
			buildConfigurationList = C4037AC424342E2300150D47 /* Build configuration list for PBXNativeTarget "MuTests" */;
			buildPhases = (
				C4037AA924342E2300150D47 /* Sources */,
				C4037AAA24342E2300150D47 /* Frameworks */,
				C4037AAB24342E2300150D47 /* Resources */,
			);
			buildRules = (
			);
			dependencies = (
				C4037AAF24342E2300150D47 /* PBXTargetDependency */,
			);
			name = MuTests;
			productName = MuTests;
			productReference = C4037AAD24342E2300150D47 /* MuTests.xctest */;
			productType = "com.apple.product-type.bundle.unit-test";
		};
		C4037AB724342E2300150D47 /* MuUITests */ = {
			isa = PBXNativeTarget;
			buildConfigurationList = C4037AC724342E2300150D47 /* Build configuration list for PBXNativeTarget "MuUITests" */;
			buildPhases = (
				C4037AB424342E2300150D47 /* Sources */,
				C4037AB524342E2300150D47 /* Frameworks */,
				C4037AB624342E2300150D47 /* Resources */,
			);
			buildRules = (
			);
			dependencies = (
				C4037ABA24342E2300150D47 /* PBXTargetDependency */,
			);
			name = MuUITests;
			productName = MuUITests;
			productReference = C4037AB824342E2300150D47 /* MuUITests.xctest */;
			productType = "com.apple.product-type.bundle.ui-testing";
		};
/* End PBXNativeTarget section */

/* Begin PBXProject section */
		C4037A8C24342E1F00150D47 /* Project object */ = {
			isa = PBXProject;
			attributes = {
				LastSwiftUpdateCheck = 1130;
				LastUpgradeCheck = 1130;
				ORGANIZATIONNAME = "Vincent Young";
				TargetAttributes = {
					C4037A9324342E1F00150D47 = {
						CreatedOnToolsVersion = 11.3.1;
					};
					C4037AAC24342E2300150D47 = {
						CreatedOnToolsVersion = 11.3.1;
						TestTargetID = C4037A9324342E1F00150D47;
					};
					C4037AB724342E2300150D47 = {
						CreatedOnToolsVersion = 11.3.1;
						TestTargetID = C4037A9324342E1F00150D47;
					};
				};
			};
			buildConfigurationList = C4037A8F24342E1F00150D47 /* Build configuration list for PBXProject "Mu" */;
			compatibilityVersion = "Xcode 9.3";
			developmentRegion = en;
			hasScannedForEncodings = 0;
			knownRegions = (
				en,
				Base,
			);
			mainGroup = C4037A8B24342E1F00150D47;
			productRefGroup = C4037A9524342E1F00150D47 /* Products */;
			projectDirPath = "";
			projectRoot = "";
			targets = (
				C4037A9324342E1F00150D47 /* Mu */,
				C4037AAC24342E2300150D47 /* MuTests */,
				C4037AB724342E2300150D47 /* MuUITests */,
			);
		};
/* End PBXProject section */

/* Begin PBXResourcesBuildPhase section */
		C4037A9224342E1F00150D47 /* Resources */ = {
			isa = PBXResourcesBuildPhase;
			buildActionMask = 2147483647;
			files = (
				C4037AA424342E2300150D47 /* Preview Assets.xcassets in Resources */,
				C4037AA124342E2300150D47 /* Assets.xcassets in Resources */,
			);
			runOnlyForDeploymentPostprocessing = 0;
		};
		C4037AAB24342E2300150D47 /* Resources */ = {
			isa = PBXResourcesBuildPhase;
			buildActionMask = 2147483647;
			files = (
			);
			runOnlyForDeploymentPostprocessing = 0;
		};
		C4037AB624342E2300150D47 /* Resources */ = {
			isa = PBXResourcesBuildPhase;
			buildActionMask = 2147483647;
			files = (
			);
			runOnlyForDeploymentPostprocessing = 0;
		};
/* End PBXResourcesBuildPhase section */

/* Begin PBXSourcesBuildPhase section */
		C4037A9024342E1F00150D47 /* Sources */ = {
			isa = PBXSourcesBuildPhase;
			buildActionMask = 2147483647;
			files = (
				C48F02482448A5730088227F /* Tag+CoreDataClass.swift in Sources */,
				C47389992482CCB400462134 /* DayPattern.swift in Sources */,
				C41A73E82451CA8F007007CB /* TodayCollectionViewControllerRepresentable.swift in Sources */,
				C499FFF4247371FA00ABB64C /* TaskTargetSet+CoreDataClass.swift in Sources */,
				C466A7A624473A2500EC3E97 /* Date+Extensions.swift in Sources */,
				C46C466B247DFC83001431B8 /* TaskInstance+CoreDataClass.swift in Sources */,
				C4DB3ED92491508700C2DC8E /* ConfirmDeletePopup.swift in Sources */,
				C4E73FC5245DFD0D007ADD34 /* LegendEntry+CoreDataProperties.swift in Sources */,
				C4F4BBC22471C30900065E4B /* TaskTargetSetView.swift in Sources */,
				C409257C248664A600E463DA /* TaskTargetSetPopup.swift in Sources */,
				C46DC96C243DEC420037C74C /* ManageView.swift in Sources */,
				C4037A9824342E1F00150D47 /* AppDelegate.swift in Sources */,
				C47389932482C78100462134 /* TaskInstance+CoreDataProperties.swift in Sources */,
				C48F024A2448A5730088227F /* LegendEntry+CoreDataClass.swift in Sources */,
				C4E73FCD245DFD0D007ADD34 /* Task+CoreDataProperties.swift in Sources */,
				C41A73EA2451CABC007007CB /* TodayCollectionViewController.swift in Sources */,
				C46DC96E243DEC480037C74C /* SettingsView.swift in Sources */,
				C4697EE224561BEF00B028A2 /* CDCoordinator.swift in Sources */,
				C44C7F8B243DCD3D00072AD8 /* SceneDelegate.swift in Sources */,
				C436D34C24505CAD001ED468 /* TodayCollectionViewCell.swift in Sources */,
				C41A73ED245207F7007007CB /* EditTaskHostingController.swift in Sources */,
				C41F8733248F8FF2008AC18D /* Float+Extensions.swift in Sources */,
				C4DAFA1624A35F82007E85AB /* NSManagedObject+Extensions.swift in Sources */,
				C499FFED247364DF00ABB64C /* SaveFormatter.swift in Sources */,
				C48F02562448A5730088227F /* Analysis+CoreDataClass.swift in Sources */,
				C41A73E62451BFD2007007CB /* EditTask.swift in Sources */,
				C4578D2324B4065C008BD3D4 /* TaskNameTextField.swift in Sources */,
				C455C2CB248E5895005A3944 /* TaskTargetSet+CoreDataProperties.swift in Sources */,
				C48F02442448A5730088227F /* TaskSummaryAnalysis+CoreDataClass.swift in Sources */,
				C4E73FCB245DFD0D007ADD34 /* Tag+CoreDataProperties.swift in Sources */,
				C4037A9D24342E1F00150D47 /* Mu.xcdatamodeld in Sources */,
				C40F6D872487BD74008114E5 /* BubbleRows.swift in Sources */,
				C48F024E2448A5730088227F /* Task+CoreDataClass.swift in Sources */,
				C4EADF7324889D1C0080CD01 /* BubbleRowsToggleable.swift in Sources */,
				C43BD951244472A4003E68DC /* AddTask.swift in Sources */,
				C4578D2524B4076D008BD3D4 /* SelectDateSection.swift in Sources */,
				C4E73FBF245DFD0D007ADD34 /* Analysis+CoreDataProperties.swift in Sources */,
				C46DC96A243DEC3B0037C74C /* AnalysisView.swift in Sources */,
				C46DC968243DEBB20037C74C /* TodayView.swift in Sources */,
				C44C7F89243DCCC900072AD8 /* MainTabBarView.swift in Sources */,
				C48F9762245ADBC3000339E9 /* SelectDatePopup.swift in Sources */,
				C4E73FCF245DFD0D007ADD34 /* TaskSummaryAnalysis+CoreDataProperties.swift in Sources */,
			);
			runOnlyForDeploymentPostprocessing = 0;
		};
		C4037AA924342E2300150D47 /* Sources */ = {
			isa = PBXSourcesBuildPhase;
			buildActionMask = 2147483647;
			files = (
				C45790AE249FE74C002E16D5 /* TaskTests.swift in Sources */,
				C43205F524A0B7C0004D3AA1 /* TestContainer.swift in Sources */,
				C406563424AA01A9002926EB /* TaskTargetSetTests.swift in Sources */,
				C462099A24A1FE5100F52F16 /* NewTaskTests.swift in Sources */,
				C406563724AA08E9002926EB /* TagTests.swift in Sources */,
				C44940C92498D713009FE818 /* SaveFormatterTests.swift in Sources */,
				C4B2AC6F249ECDD000FC98F1 /* TaskTargetSetViewTests.swift in Sources */,
				C48D835C24A8313100C885B7 /* TargetSetUpdateTests.swift in Sources */,
				C4AF6FAC24A613F0003D4562 /* DateUpdateTests.swift in Sources */,
				C4D8A34D249EB1D7008B3B9C /* DateExtensionTests.swift in Sources */,
				C4B2AC73249EEE8E00FC98F1 /* TaskTargetSetPopupTests.swift in Sources */,
				C44940CD2498F113009FE818 /* BubbleRowsTests.swift in Sources */,
			);
			runOnlyForDeploymentPostprocessing = 0;
		};
		C4037AB424342E2300150D47 /* Sources */ = {
			isa = PBXSourcesBuildPhase;
			buildActionMask = 2147483647;
			files = (
				C49B3464243921FE00CF3FCD /* MainTabBarUITests.swift in Sources */,
				C4DCDFBA24B12A3B008F727F /* XCUIElement+Extensions.swift in Sources */,
				C4037ABD24342E2300150D47 /* AddTaskTests.swift in Sources */,
				C462C054243A1F9600EBB940 /* TodayViewControllerUITests.swift in Sources */,
			);
			runOnlyForDeploymentPostprocessing = 0;
		};
/* End PBXSourcesBuildPhase section */

/* Begin PBXTargetDependency section */
		C4037AAF24342E2300150D47 /* PBXTargetDependency */ = {
			isa = PBXTargetDependency;
			target = C4037A9324342E1F00150D47 /* Mu */;
			targetProxy = C4037AAE24342E2300150D47 /* PBXContainerItemProxy */;
		};
		C4037ABA24342E2300150D47 /* PBXTargetDependency */ = {
			isa = PBXTargetDependency;
			target = C4037A9324342E1F00150D47 /* Mu */;
			targetProxy = C4037AB924342E2300150D47 /* PBXContainerItemProxy */;
		};
/* End PBXTargetDependency section */

/* Begin XCBuildConfiguration section */
		C4037ABF24342E2300150D47 /* Debug */ = {
			isa = XCBuildConfiguration;
			buildSettings = {
				ALWAYS_SEARCH_USER_PATHS = NO;
				CLANG_ANALYZER_NONNULL = YES;
				CLANG_ANALYZER_NUMBER_OBJECT_CONVERSION = YES_AGGRESSIVE;
				CLANG_CXX_LANGUAGE_STANDARD = "gnu++14";
				CLANG_CXX_LIBRARY = "libc++";
				CLANG_ENABLE_MODULES = YES;
				CLANG_ENABLE_OBJC_ARC = YES;
				CLANG_ENABLE_OBJC_WEAK = YES;
				CLANG_WARN_BLOCK_CAPTURE_AUTORELEASING = YES;
				CLANG_WARN_BOOL_CONVERSION = YES;
				CLANG_WARN_COMMA = YES;
				CLANG_WARN_CONSTANT_CONVERSION = YES;
				CLANG_WARN_DEPRECATED_OBJC_IMPLEMENTATIONS = YES;
				CLANG_WARN_DIRECT_OBJC_ISA_USAGE = YES_ERROR;
				CLANG_WARN_DOCUMENTATION_COMMENTS = YES;
				CLANG_WARN_EMPTY_BODY = YES;
				CLANG_WARN_ENUM_CONVERSION = YES;
				CLANG_WARN_INFINITE_RECURSION = YES;
				CLANG_WARN_INT_CONVERSION = YES;
				CLANG_WARN_NON_LITERAL_NULL_CONVERSION = YES;
				CLANG_WARN_OBJC_IMPLICIT_RETAIN_SELF = YES;
				CLANG_WARN_OBJC_LITERAL_CONVERSION = YES;
				CLANG_WARN_OBJC_ROOT_CLASS = YES_ERROR;
				CLANG_WARN_RANGE_LOOP_ANALYSIS = YES;
				CLANG_WARN_STRICT_PROTOTYPES = YES;
				CLANG_WARN_SUSPICIOUS_MOVE = YES;
				CLANG_WARN_UNGUARDED_AVAILABILITY = YES_AGGRESSIVE;
				CLANG_WARN_UNREACHABLE_CODE = YES;
				CLANG_WARN__DUPLICATE_METHOD_MATCH = YES;
				COPY_PHASE_STRIP = NO;
				DEBUG_INFORMATION_FORMAT = dwarf;
				ENABLE_STRICT_OBJC_MSGSEND = YES;
				ENABLE_TESTABILITY = YES;
				GCC_C_LANGUAGE_STANDARD = gnu11;
				GCC_DYNAMIC_NO_PIC = NO;
				GCC_NO_COMMON_BLOCKS = YES;
				GCC_OPTIMIZATION_LEVEL = 0;
				GCC_PREPROCESSOR_DEFINITIONS = (
					"DEBUG=1",
					"$(inherited)",
				);
				GCC_WARN_64_TO_32_BIT_CONVERSION = YES;
				GCC_WARN_ABOUT_RETURN_TYPE = YES_ERROR;
				GCC_WARN_UNDECLARED_SELECTOR = YES;
				GCC_WARN_UNINITIALIZED_AUTOS = YES_AGGRESSIVE;
				GCC_WARN_UNUSED_FUNCTION = YES;
				GCC_WARN_UNUSED_VARIABLE = YES;
				IPHONEOS_DEPLOYMENT_TARGET = 13.0;
				MTL_ENABLE_DEBUG_INFO = INCLUDE_SOURCE;
				MTL_FAST_MATH = YES;
				ONLY_ACTIVE_ARCH = YES;
				SDKROOT = iphoneos;
				SWIFT_ACTIVE_COMPILATION_CONDITIONS = DEBUG;
				SWIFT_OPTIMIZATION_LEVEL = "-Onone";
			};
			name = Debug;
		};
		C4037AC024342E2300150D47 /* Release */ = {
			isa = XCBuildConfiguration;
			buildSettings = {
				ALWAYS_SEARCH_USER_PATHS = NO;
				CLANG_ANALYZER_NONNULL = YES;
				CLANG_ANALYZER_NUMBER_OBJECT_CONVERSION = YES_AGGRESSIVE;
				CLANG_CXX_LANGUAGE_STANDARD = "gnu++14";
				CLANG_CXX_LIBRARY = "libc++";
				CLANG_ENABLE_MODULES = YES;
				CLANG_ENABLE_OBJC_ARC = YES;
				CLANG_ENABLE_OBJC_WEAK = YES;
				CLANG_WARN_BLOCK_CAPTURE_AUTORELEASING = YES;
				CLANG_WARN_BOOL_CONVERSION = YES;
				CLANG_WARN_COMMA = YES;
				CLANG_WARN_CONSTANT_CONVERSION = YES;
				CLANG_WARN_DEPRECATED_OBJC_IMPLEMENTATIONS = YES;
				CLANG_WARN_DIRECT_OBJC_ISA_USAGE = YES_ERROR;
				CLANG_WARN_DOCUMENTATION_COMMENTS = YES;
				CLANG_WARN_EMPTY_BODY = YES;
				CLANG_WARN_ENUM_CONVERSION = YES;
				CLANG_WARN_INFINITE_RECURSION = YES;
				CLANG_WARN_INT_CONVERSION = YES;
				CLANG_WARN_NON_LITERAL_NULL_CONVERSION = YES;
				CLANG_WARN_OBJC_IMPLICIT_RETAIN_SELF = YES;
				CLANG_WARN_OBJC_LITERAL_CONVERSION = YES;
				CLANG_WARN_OBJC_ROOT_CLASS = YES_ERROR;
				CLANG_WARN_RANGE_LOOP_ANALYSIS = YES;
				CLANG_WARN_STRICT_PROTOTYPES = YES;
				CLANG_WARN_SUSPICIOUS_MOVE = YES;
				CLANG_WARN_UNGUARDED_AVAILABILITY = YES_AGGRESSIVE;
				CLANG_WARN_UNREACHABLE_CODE = YES;
				CLANG_WARN__DUPLICATE_METHOD_MATCH = YES;
				COPY_PHASE_STRIP = NO;
				DEBUG_INFORMATION_FORMAT = "dwarf-with-dsym";
				ENABLE_NS_ASSERTIONS = NO;
				ENABLE_STRICT_OBJC_MSGSEND = YES;
				GCC_C_LANGUAGE_STANDARD = gnu11;
				GCC_NO_COMMON_BLOCKS = YES;
				GCC_WARN_64_TO_32_BIT_CONVERSION = YES;
				GCC_WARN_ABOUT_RETURN_TYPE = YES_ERROR;
				GCC_WARN_UNDECLARED_SELECTOR = YES;
				GCC_WARN_UNINITIALIZED_AUTOS = YES_AGGRESSIVE;
				GCC_WARN_UNUSED_FUNCTION = YES;
				GCC_WARN_UNUSED_VARIABLE = YES;
				IPHONEOS_DEPLOYMENT_TARGET = 13.0;
				MTL_ENABLE_DEBUG_INFO = NO;
				MTL_FAST_MATH = YES;
				SDKROOT = iphoneos;
				SWIFT_COMPILATION_MODE = wholemodule;
				SWIFT_OPTIMIZATION_LEVEL = "-O";
				VALIDATE_PRODUCT = YES;
			};
			name = Release;
		};
		C4037AC224342E2300150D47 /* Debug */ = {
			isa = XCBuildConfiguration;
			buildSettings = {
				ASSETCATALOG_COMPILER_APPICON_NAME = AppIcon;
				CODE_SIGN_STYLE = Automatic;
				DEVELOPMENT_ASSET_PATHS = "\"Mu/Preview Content\"";
				DEVELOPMENT_TEAM = 3X6BZVFX73;
				ENABLE_PREVIEWS = YES;
				INFOPLIST_FILE = Mu/Info.plist;
				LD_RUNPATH_SEARCH_PATHS = (
					"$(inherited)",
					"@executable_path/Frameworks",
				);
				PRODUCT_BUNDLE_IDENTIFIER = Leko.Mu;
				PRODUCT_NAME = "$(TARGET_NAME)";
				SWIFT_VERSION = 5.0;
				TARGETED_DEVICE_FAMILY = "1,2";
			};
			name = Debug;
		};
		C4037AC324342E2300150D47 /* Release */ = {
			isa = XCBuildConfiguration;
			buildSettings = {
				ASSETCATALOG_COMPILER_APPICON_NAME = AppIcon;
				CODE_SIGN_STYLE = Automatic;
				DEVELOPMENT_ASSET_PATHS = "\"Mu/Preview Content\"";
				DEVELOPMENT_TEAM = 3X6BZVFX73;
				ENABLE_PREVIEWS = YES;
				INFOPLIST_FILE = Mu/Info.plist;
				LD_RUNPATH_SEARCH_PATHS = (
					"$(inherited)",
					"@executable_path/Frameworks",
				);
				PRODUCT_BUNDLE_IDENTIFIER = Leko.Mu;
				PRODUCT_NAME = "$(TARGET_NAME)";
				SWIFT_VERSION = 5.0;
				TARGETED_DEVICE_FAMILY = "1,2";
			};
			name = Release;
		};
		C4037AC524342E2300150D47 /* Debug */ = {
			isa = XCBuildConfiguration;
			buildSettings = {
				ALWAYS_EMBED_SWIFT_STANDARD_LIBRARIES = YES;
				BUNDLE_LOADER = "$(TEST_HOST)";
				CODE_SIGN_STYLE = Automatic;
				DEVELOPMENT_TEAM = 3X6BZVFX73;
				INFOPLIST_FILE = MuTests/Info.plist;
				IPHONEOS_DEPLOYMENT_TARGET = 13.2;
				LD_RUNPATH_SEARCH_PATHS = (
					"$(inherited)",
					"@executable_path/Frameworks",
					"@loader_path/Frameworks",
				);
				PRODUCT_BUNDLE_IDENTIFIER = Leko.MuTests;
				PRODUCT_NAME = "$(TARGET_NAME)";
				SWIFT_VERSION = 5.0;
				TARGETED_DEVICE_FAMILY = "1,2";
				TEST_HOST = "$(BUILT_PRODUCTS_DIR)/Mu.app/Mu";
			};
			name = Debug;
		};
		C4037AC624342E2300150D47 /* Release */ = {
			isa = XCBuildConfiguration;
			buildSettings = {
				ALWAYS_EMBED_SWIFT_STANDARD_LIBRARIES = YES;
				BUNDLE_LOADER = "$(TEST_HOST)";
				CODE_SIGN_STYLE = Automatic;
				DEVELOPMENT_TEAM = 3X6BZVFX73;
				INFOPLIST_FILE = MuTests/Info.plist;
				IPHONEOS_DEPLOYMENT_TARGET = 13.2;
				LD_RUNPATH_SEARCH_PATHS = (
					"$(inherited)",
					"@executable_path/Frameworks",
					"@loader_path/Frameworks",
				);
				PRODUCT_BUNDLE_IDENTIFIER = Leko.MuTests;
				PRODUCT_NAME = "$(TARGET_NAME)";
				SWIFT_VERSION = 5.0;
				TARGETED_DEVICE_FAMILY = "1,2";
				TEST_HOST = "$(BUILT_PRODUCTS_DIR)/Mu.app/Mu";
			};
			name = Release;
		};
		C4037AC824342E2300150D47 /* Debug */ = {
			isa = XCBuildConfiguration;
			buildSettings = {
				ALWAYS_EMBED_SWIFT_STANDARD_LIBRARIES = YES;
				CODE_SIGN_STYLE = Automatic;
				DEVELOPMENT_TEAM = 3X6BZVFX73;
				INFOPLIST_FILE = MuUITests/Info.plist;
				LD_RUNPATH_SEARCH_PATHS = (
					"$(inherited)",
					"@executable_path/Frameworks",
					"@loader_path/Frameworks",
				);
				PRODUCT_BUNDLE_IDENTIFIER = Leko.MuUITests;
				PRODUCT_NAME = "$(TARGET_NAME)";
				SWIFT_VERSION = 5.0;
				TARGETED_DEVICE_FAMILY = "1,2";
				TEST_TARGET_NAME = Mu;
			};
			name = Debug;
		};
		C4037AC924342E2300150D47 /* Release */ = {
			isa = XCBuildConfiguration;
			buildSettings = {
				ALWAYS_EMBED_SWIFT_STANDARD_LIBRARIES = YES;
				CODE_SIGN_STYLE = Automatic;
				DEVELOPMENT_TEAM = 3X6BZVFX73;
				INFOPLIST_FILE = MuUITests/Info.plist;
				LD_RUNPATH_SEARCH_PATHS = (
					"$(inherited)",
					"@executable_path/Frameworks",
					"@loader_path/Frameworks",
				);
				PRODUCT_BUNDLE_IDENTIFIER = Leko.MuUITests;
				PRODUCT_NAME = "$(TARGET_NAME)";
				SWIFT_VERSION = 5.0;
				TARGETED_DEVICE_FAMILY = "1,2";
				TEST_TARGET_NAME = Mu;
			};
			name = Release;
		};
/* End XCBuildConfiguration section */

/* Begin XCConfigurationList section */
		C4037A8F24342E1F00150D47 /* Build configuration list for PBXProject "Mu" */ = {
			isa = XCConfigurationList;
			buildConfigurations = (
				C4037ABF24342E2300150D47 /* Debug */,
				C4037AC024342E2300150D47 /* Release */,
			);
			defaultConfigurationIsVisible = 0;
			defaultConfigurationName = Release;
		};
		C4037AC124342E2300150D47 /* Build configuration list for PBXNativeTarget "Mu" */ = {
			isa = XCConfigurationList;
			buildConfigurations = (
				C4037AC224342E2300150D47 /* Debug */,
				C4037AC324342E2300150D47 /* Release */,
			);
			defaultConfigurationIsVisible = 0;
			defaultConfigurationName = Release;
		};
		C4037AC424342E2300150D47 /* Build configuration list for PBXNativeTarget "MuTests" */ = {
			isa = XCConfigurationList;
			buildConfigurations = (
				C4037AC524342E2300150D47 /* Debug */,
				C4037AC624342E2300150D47 /* Release */,
			);
			defaultConfigurationIsVisible = 0;
			defaultConfigurationName = Release;
		};
		C4037AC724342E2300150D47 /* Build configuration list for PBXNativeTarget "MuUITests" */ = {
			isa = XCConfigurationList;
			buildConfigurations = (
				C4037AC824342E2300150D47 /* Debug */,
				C4037AC924342E2300150D47 /* Release */,
			);
			defaultConfigurationIsVisible = 0;
			defaultConfigurationName = Release;
		};
/* End XCConfigurationList section */

/* Begin XCVersionGroup section */
		C4037A9B24342E1F00150D47 /* Mu.xcdatamodeld */ = {
			isa = XCVersionGroup;
			children = (
				C4037A9C24342E1F00150D47 /* Mu.xcdatamodel */,
			);
			currentVersion = C4037A9C24342E1F00150D47 /* Mu.xcdatamodel */;
			path = Mu.xcdatamodeld;
			sourceTree = "<group>";
			versionGroupType = wrapper.xcdatamodel;
		};
/* End XCVersionGroup section */
	};
	rootObject = C4037A8C24342E1F00150D47 /* Project object */;
}
