// !$*UTF8*$!
{
	archiveVersion = 1;
	classes = {
	};
	objectVersion = 54;
	objects = {

/* Begin PBXAggregateTarget section */
		C4EC7B8125958EB1003B6DD5 /* Versions */ = {
			isa = PBXAggregateTarget;
			buildConfigurationList = C4EC7B8225958EB1003B6DD5 /* Build configuration list for PBXAggregateTarget "Versions" */;
			buildPhases = (
				C4EC76F82596A6180059AA71 /* Check Git changes */,
				C4EC7B8B25958EC2003B6DD5 /* Update build versions */,
			);
			dependencies = (
			);
			name = Versions;
			productName = Versions;
		};
/* End PBXAggregateTarget section */

/* Begin PBXBuildFile section */
		1A04A4E0A489675CD86B84A3 /* libPods-SharedTestUtils.a in Frameworks */ = {isa = PBXBuildFile; fileRef = B1F10812BFAA8782FB6373A0 /* libPods-SharedTestUtils.a */; };
		33F3B41306E2C2951B94D6AB /* libPods-Mu_AUT_Performance.a in Frameworks */ = {isa = PBXBuildFile; fileRef = CDF89AF04D4AA33CDE73C14A /* libPods-Mu_AUT_Performance.a */; };
		B88C10F4211188FBDB41B44E /* libPods-Mu_AUT_Function.a in Frameworks */ = {isa = PBXBuildFile; fileRef = D47FC837463CD92B4ECDE7DD /* libPods-Mu_AUT_Function.a */; };
		C4037A9824342E1F00150D47 /* AppDelegate.swift in Sources */ = {isa = PBXBuildFile; fileRef = C4037A9724342E1F00150D47 /* AppDelegate.swift */; };
		C4037A9D24342E1F00150D47 /* Mu.xcdatamodeld in Sources */ = {isa = PBXBuildFile; fileRef = C4037A9B24342E1F00150D47 /* Mu.xcdatamodeld */; };
		C4037AA124342E2300150D47 /* Assets.xcassets in Resources */ = {isa = PBXBuildFile; fileRef = C4037AA024342E2300150D47 /* Assets.xcassets */; };
		C4037ABD24342E2300150D47 /* AddTaskUITests.swift in Sources */ = {isa = PBXBuildFile; fileRef = C4037ABC24342E2300150D47 /* AddTaskUITests.swift */; };
		C40416EF259E7AA400849E1D /* ErrorViewHostingController.swift in Sources */ = {isa = PBXBuildFile; fileRef = C40416EE259E7AA400849E1D /* ErrorViewHostingController.swift */; };
		C406563424AA01A9002926EB /* TaskTargetSet-Tests.swift in Sources */ = {isa = PBXBuildFile; fileRef = C406563324AA01A9002926EB /* TaskTargetSet-Tests.swift */; };
		C406563724AA08E9002926EB /* Tag-Tests.swift in Sources */ = {isa = PBXBuildFile; fileRef = C406563624AA08E9002926EB /* Tag-Tests.swift */; };
		C409257C248664A600E463DA /* TaskTargetSetPopup.swift in Sources */ = {isa = PBXBuildFile; fileRef = C409257B248664A600E463DA /* TaskTargetSetPopup.swift */; };
		C4130C1924C6FB4F003EF047 /* LowOnlyTests.swift in Sources */ = {isa = PBXBuildFile; fileRef = C4130C1824C6FB4F003EF047 /* LowOnlyTests.swift */; };
		C4130C1B24C6FB56003EF047 /* HighOnlyTests.swift in Sources */ = {isa = PBXBuildFile; fileRef = C4130C1A24C6FB56003EF047 /* HighOnlyTests.swift */; };
		C4130C1D24C6FB6B003EF047 /* LowEqualToHighTests.swift in Sources */ = {isa = PBXBuildFile; fileRef = C4130C1C24C6FB6B003EF047 /* LowEqualToHighTests.swift */; };
		C4130C1F24C6FB7A003EF047 /* LowGreaterThanHighTests.swift in Sources */ = {isa = PBXBuildFile; fileRef = C4130C1E24C6FB7A003EF047 /* LowGreaterThanHighTests.swift */; };
		C4130C2124C6FB85003EF047 /* LowLessThanHighTests.swift in Sources */ = {isa = PBXBuildFile; fileRef = C4130C2024C6FB85003EF047 /* LowLessThanHighTests.swift */; };
		C4130C2324C86E9A003EF047 /* TaskTypeSection.swift in Sources */ = {isa = PBXBuildFile; fileRef = C4130C2224C86E9A003EF047 /* TaskTypeSection.swift */; };
		C416E6BF251808000063309F /* SettingsPresentationView.swift in Sources */ = {isa = PBXBuildFile; fileRef = C416E6BE251808000063309F /* SettingsPresentationView.swift */; };
		C41A73E62451BFD2007007CB /* EditTask.swift in Sources */ = {isa = PBXBuildFile; fileRef = C41A73E52451BFD2007007CB /* EditTask.swift */; };
		C41A73E82451CA8F007007CB /* TodayCollectionViewControllerRepresentable.swift in Sources */ = {isa = PBXBuildFile; fileRef = C41A73E72451CA8F007007CB /* TodayCollectionViewControllerRepresentable.swift */; };
		C41A73EA2451CABC007007CB /* TodayCollectionViewController.swift in Sources */ = {isa = PBXBuildFile; fileRef = C41A73E92451CABC007007CB /* TodayCollectionViewController.swift */; };
		C41A73ED245207F7007007CB /* EditTaskHostingController.swift in Sources */ = {isa = PBXBuildFile; fileRef = C41A73EC245207F7007007CB /* EditTaskHostingController.swift */; };
		C41D107824BDCBA800549CA1 /* DayBubbleLabels.swift in Sources */ = {isa = PBXBuildFile; fileRef = C41D107724BDCBA800549CA1 /* DayBubbleLabels.swift */; };
		C41F8733248F8FF2008AC18D /* Float+Extensions.swift in Sources */ = {isa = PBXBuildFile; fileRef = C41F8732248F8FF2008AC18D /* Float+Extensions.swift */; };
		C42B5B4D259ACD6E00E6A093 /* ErrorView.swift in Sources */ = {isa = PBXBuildFile; fileRef = C42B5B4C259ACD6E00E6A093 /* ErrorView.swift */; };
		C430EEAC24BF822A00BD98FD /* InsufficientInputUITests.swift in Sources */ = {isa = PBXBuildFile; fileRef = C430EEAB24BF822A00BD98FD /* InsufficientInputUITests.swift */; };
		C436D34C24505CAD001ED468 /* TodayCollectionViewCell.swift in Sources */ = {isa = PBXBuildFile; fileRef = C436D34B24505CAD001ED468 /* TodayCollectionViewCell.swift */; };
		C43AE1C1256075D200F1D560 /* CollectionSizer.swift in Sources */ = {isa = PBXBuildFile; fileRef = C43AE1C0256075D200F1D560 /* CollectionSizer.swift */; };
		C43AE1D42560C12700F1D560 /* CollectionSizer-Tests.swift in Sources */ = {isa = PBXBuildFile; fileRef = C43AE1D32560C12700F1D560 /* CollectionSizer-Tests.swift */; };
		C43BD951244472A4003E68DC /* AddTask.swift in Sources */ = {isa = PBXBuildFile; fileRef = C43BD950244472A4003E68DC /* AddTask.swift */; };
		C442AE0D2546D71000A9EB72 /* ErrorManager.swift in Sources */ = {isa = PBXBuildFile; fileRef = C442AE0C2546D71000A9EB72 /* ErrorManager.swift */; };
		C44940C92498D713009FE818 /* SaveFormatter-Tests.swift in Sources */ = {isa = PBXBuildFile; fileRef = C44940C82498D713009FE818 /* SaveFormatter-Tests.swift */; };
		C44940CD2498F113009FE818 /* BubbleRows-Tests.swift in Sources */ = {isa = PBXBuildFile; fileRef = C44940CC2498F113009FE818 /* BubbleRows-Tests.swift */; };
		C44C7F89243DCCC900072AD8 /* MainTabBarView.swift in Sources */ = {isa = PBXBuildFile; fileRef = C44C7F88243DCCC900072AD8 /* MainTabBarView.swift */; };
		C44C7F8B243DCD3D00072AD8 /* SceneDelegate.swift in Sources */ = {isa = PBXBuildFile; fileRef = C44C7F8A243DCD3D00072AD8 /* SceneDelegate.swift */; };
		C4578D2324B4065C008BD3D4 /* TaskNameTextFieldSection.swift in Sources */ = {isa = PBXBuildFile; fileRef = C4578D2224B4065C008BD3D4 /* TaskNameTextFieldSection.swift */; };
		C4578D2524B4076D008BD3D4 /* StartAndEndDateSection.swift in Sources */ = {isa = PBXBuildFile; fileRef = C4578D2424B4076D008BD3D4 /* StartAndEndDateSection.swift */; };
		C45790AE249FE74C002E16D5 /* Task-Tests.swift in Sources */ = {isa = PBXBuildFile; fileRef = C45790AD249FE74C002E16D5 /* Task-Tests.swift */; };
		C462C054243A1F9600EBB940 /* TodayViewControllerUITests.swift in Sources */ = {isa = PBXBuildFile; fileRef = C462C053243A1F9600EBB940 /* TodayViewControllerUITests.swift */; };
		C465819425A27D7300E4418D /* XCTest.framework in Frameworks */ = {isa = PBXBuildFile; fileRef = C465819325A27D7300E4418D /* XCTest.framework */; };
		C46581B325A289FD00E4418D /* TestContainer.swift in Sources */ = {isa = PBXBuildFile; fileRef = C43205F424A0B7C0004D3AA1 /* TestContainer.swift */; };
		C46581B425A289FD00E4418D /* Extensions.swift in Sources */ = {isa = PBXBuildFile; fileRef = C49D666624E8992B0030DB54 /* Extensions.swift */; };
		C465821425A2920C00E4418D /* libSharedTestUtils.a in Frameworks */ = {isa = PBXBuildFile; fileRef = C465818025A27D6800E4418D /* libSharedTestUtils.a */; };
		C46582ED25A2A86700E4418D /* libPods-Mu.a in Frameworks */ = {isa = PBXBuildFile; fileRef = C46582EC25A2A86700E4418D /* libPods-Mu.a */; };
		C465839625A2ACAB00E4418D /* Task-TagHandling-Tests-Performance.swift in Sources */ = {isa = PBXBuildFile; fileRef = C465839525A2ACAB00E4418D /* Task-TagHandling-Tests-Performance.swift */; };
		C46583C625A2ACE500E4418D /* libSharedTestUtils.a in Frameworks */ = {isa = PBXBuildFile; fileRef = C465818025A27D6800E4418D /* libSharedTestUtils.a */; };
		C46583E025A2AF4F00E4418D /* Task-TagHandling-Tests-Util.swift in Sources */ = {isa = PBXBuildFile; fileRef = C46583DF25A2AF4F00E4418D /* Task-TagHandling-Tests-Util.swift */; };
		C46583E825A2B04000E4418D /* Task-InstanceDelta-Tests-Util.swift in Sources */ = {isa = PBXBuildFile; fileRef = C46583E725A2B04000E4418D /* Task-InstanceDelta-Tests-Util.swift */; };
		C46583FE25A2B0B500E4418D /* Task-InstanceDelta-Tests-Performance.swift in Sources */ = {isa = PBXBuildFile; fileRef = C46583FD25A2B0B500E4418D /* Task-InstanceDelta-Tests-Performance.swift */; };
		C465840C25A2B61000E4418D /* Task-InstanceHandling-Tests-Util.swift in Sources */ = {isa = PBXBuildFile; fileRef = C465840B25A2B61000E4418D /* Task-InstanceHandling-Tests-Util.swift */; };
		C465841A25A2B83000E4418D /* Task-InstanceHandling-Tests-Performance.swift in Sources */ = {isa = PBXBuildFile; fileRef = C465841925A2B83000E4418D /* Task-InstanceHandling-Tests-Performance.swift */; };
		C466A7A624473A2500EC3E97 /* Date+Extensions.swift in Sources */ = {isa = PBXBuildFile; fileRef = C466A7A524473A2500EC3E97 /* Date+Extensions.swift */; };
		C4697EE224561BEF00B028A2 /* CDCoordinator.swift in Sources */ = {isa = PBXBuildFile; fileRef = C4697EE124561BEF00B028A2 /* CDCoordinator.swift */; };
		C46C2BD62505D69C000320B4 /* Float-Extension-Tests.swift in Sources */ = {isa = PBXBuildFile; fileRef = C46C2BD52505D69C000320B4 /* Float-Extension-Tests.swift */; };
		C46C2BDA2505DF62000320B4 /* EditTaskHostingController-Tests.swift in Sources */ = {isa = PBXBuildFile; fileRef = C46C2BD92505DF62000320B4 /* EditTaskHostingController-Tests.swift */; };
		C46C466B247DFC83001431B8 /* TaskInstance.swift in Sources */ = {isa = PBXBuildFile; fileRef = C46C4669247DFC83001431B8 /* TaskInstance.swift */; };
		C46DC968243DEBB20037C74C /* TodayView.swift in Sources */ = {isa = PBXBuildFile; fileRef = C46DC967243DEBB20037C74C /* TodayView.swift */; };
		C46DC96A243DEC3B0037C74C /* AnalysisView.swift in Sources */ = {isa = PBXBuildFile; fileRef = C46DC969243DEC3B0037C74C /* AnalysisView.swift */; };
		C46DC96C243DEC420037C74C /* ManageView.swift in Sources */ = {isa = PBXBuildFile; fileRef = C46DC96B243DEC420037C74C /* ManageView.swift */; };
		C46DC96E243DEC480037C74C /* SettingsView.swift in Sources */ = {isa = PBXBuildFile; fileRef = C46DC96D243DEC480037C74C /* SettingsView.swift */; };
		C46FD050253CE81300CE489E /* UINavigationController+Extensions.swift in Sources */ = {isa = PBXBuildFile; fileRef = C46FD04F253CE81300CE489E /* UINavigationController+Extensions.swift */; };
		C47389992482CCB400462134 /* DayPattern.swift in Sources */ = {isa = PBXBuildFile; fileRef = C47389982482CCB400462134 /* DayPattern.swift */; };
		C482233324BA57B000E6426E /* TaskTargetSetSection.swift in Sources */ = {isa = PBXBuildFile; fileRef = C482233224BA57B000E6426E /* TaskTargetSetSection.swift */; };
		C48F02442448A5730088227F /* TaskSummaryAnalysis.swift in Sources */ = {isa = PBXBuildFile; fileRef = C48F02302448A5730088227F /* TaskSummaryAnalysis.swift */; };
		C48F02482448A5730088227F /* Tag.swift in Sources */ = {isa = PBXBuildFile; fileRef = C48F02342448A5730088227F /* Tag.swift */; };
		C48F024A2448A5730088227F /* LegendEntry.swift in Sources */ = {isa = PBXBuildFile; fileRef = C48F02362448A5730088227F /* LegendEntry.swift */; };
		C48F024E2448A5730088227F /* Task.swift in Sources */ = {isa = PBXBuildFile; fileRef = C48F023A2448A5730088227F /* Task.swift */; };
		C48F02562448A5730088227F /* Analysis.swift in Sources */ = {isa = PBXBuildFile; fileRef = C48F02422448A5730088227F /* Analysis.swift */; };
		C48F9762245ADBC3000339E9 /* SetDatePopup.swift in Sources */ = {isa = PBXBuildFile; fileRef = C48F9761245ADBC3000339E9 /* SetDatePopup.swift */; };
		C4908D28253E20A100B51ADF /* SelectDatePopup.swift in Sources */ = {isa = PBXBuildFile; fileRef = C4908D27253E20A100B51ADF /* SelectDatePopup.swift */; };
		C4925036254F942400A3C424 /* TodayCollectionViewCell-Tests.swift in Sources */ = {isa = PBXBuildFile; fileRef = C4925035254F942400A3C424 /* TodayCollectionViewCell-Tests.swift */; };
		C492BDDC255B93EF0054CD2A /* FetchRequests.swift in Sources */ = {isa = PBXBuildFile; fileRef = C492BDDB255B93EF0054CD2A /* FetchRequests.swift */; };
		C499FFED247364DF00ABB64C /* SaveFormatter.swift in Sources */ = {isa = PBXBuildFile; fileRef = C499FFEC247364DF00ABB64C /* SaveFormatter.swift */; };
		C499FFF4247371FA00ABB64C /* TaskTargetSet.swift in Sources */ = {isa = PBXBuildFile; fileRef = C499FFF2247371FA00ABB64C /* TaskTargetSet.swift */; };
		C49B3464243921FE00CF3FCD /* MainTabBarUITests.swift in Sources */ = {isa = PBXBuildFile; fileRef = C49B3463243921FE00CF3FCD /* MainTabBarUITests.swift */; };
		C4A10C7D24E9BD9A00F015A4 /* SelectDatesSection.swift in Sources */ = {isa = PBXBuildFile; fileRef = C4A10C7C24E9BD9A00F015A4 /* SelectDatesSection.swift */; };
		C4A10C7F24E9C29000F015A4 /* AddDatePopup.swift in Sources */ = {isa = PBXBuildFile; fileRef = C4A10C7E24E9C29000F015A4 /* AddDatePopup.swift */; };
		C4ACD3C9250D6FCB00D56277 /* AddTagPopup.swift in Sources */ = {isa = PBXBuildFile; fileRef = C4ACD3C8250D6FCB00D56277 /* AddTagPopup.swift */; };
		C4ACD3CB250D715100D56277 /* TagsSection.swift in Sources */ = {isa = PBXBuildFile; fileRef = C4ACD3CA250D715100D56277 /* TagsSection.swift */; };
		C4B2AC6F249ECDD000FC98F1 /* TaskTargetSetView-Tests.swift in Sources */ = {isa = PBXBuildFile; fileRef = C4B2AC6E249ECDD000FC98F1 /* TaskTargetSetView-Tests.swift */; };
		C4B2AC73249EEE8E00FC98F1 /* TaskTargetSetPopup-Tests.swift in Sources */ = {isa = PBXBuildFile; fileRef = C4B2AC72249EEE8E00FC98F1 /* TaskTargetSetPopup-Tests.swift */; };
		C4C5FDE5250E7189004FAE47 /* AddTagPopup-Tests.swift in Sources */ = {isa = PBXBuildFile; fileRef = C4C5FDE4250E7188004FAE47 /* AddTagPopup-Tests.swift */; };
		C4C961C6250A432000C7EEEA /* DayBubbleLabels-Tests.swift in Sources */ = {isa = PBXBuildFile; fileRef = C4C961C5250A432000C7EEEA /* DayBubbleLabels-Tests.swift */; };
		C4CFC59B259259F3000BA4DA /* GoogleService-Info-Debug.plist in Resources */ = {isa = PBXBuildFile; fileRef = C429D08D25912C99008A46BC /* GoogleService-Info-Debug.plist */; };
		C4CFC59C259259F3000BA4DA /* GoogleService-Info-Release.plist in Resources */ = {isa = PBXBuildFile; fileRef = C429D08E25912C99008A46BC /* GoogleService-Info-Release.plist */; };
		C4D618F8252EA085009A9751 /* SettingsPresentationDetailView.swift in Sources */ = {isa = PBXBuildFile; fileRef = C4D618F7252EA085009A9751 /* SettingsPresentationDetailView.swift */; };
		C4D8A34D249EB1D7008B3B9C /* Date-Extension-Tests.swift in Sources */ = {isa = PBXBuildFile; fileRef = C4D8A34C249EB1D7008B3B9C /* Date-Extension-Tests.swift */; };
		C4D9DB6425475771002F0B40 /* SetCountPopup.swift in Sources */ = {isa = PBXBuildFile; fileRef = C4D9DB6325475771002F0B40 /* SetCountPopup.swift */; };
		C4D9DB692547614B002F0B40 /* SetCountPopupHostingController.swift in Sources */ = {isa = PBXBuildFile; fileRef = C4D9DB682547614B002F0B40 /* SetCountPopupHostingController.swift */; };
		C4DAFA1624A35F82007E85AB /* NSManagedObject+Extensions.swift in Sources */ = {isa = PBXBuildFile; fileRef = C4DAFA1524A35F82007E85AB /* NSManagedObject+Extensions.swift */; };
		C4DB3ED92491508700C2DC8E /* ConfirmDeletePopup.swift in Sources */ = {isa = PBXBuildFile; fileRef = C4DB3ED82491508700C2DC8E /* ConfirmDeletePopup.swift */; };
		C4DCDFBA24B12A3B008F727F /* XCUIElement+Extensions.swift in Sources */ = {isa = PBXBuildFile; fileRef = C4DCDFB924B12A3B008F727F /* XCUIElement+Extensions.swift */; };
		C4E5D5EE250426A000557373 /* Task-TagHandling-Tests.swift in Sources */ = {isa = PBXBuildFile; fileRef = C4E5D5ED250426A000557373 /* Task-TagHandling-Tests.swift */; };
		C4E5D5F225042F6C00557373 /* Task-InstanceDelta-Tests.swift in Sources */ = {isa = PBXBuildFile; fileRef = C4E5D5F125042F6C00557373 /* Task-InstanceDelta-Tests.swift */; };
		C4E5D5F525042F9400557373 /* Task-InstanceHandling-Tests.swift in Sources */ = {isa = PBXBuildFile; fileRef = C4E5D5F425042F9400557373 /* Task-InstanceHandling-Tests.swift */; };
		C4EADF7324889D1C0080CD01 /* BubbleRows.swift in Sources */ = {isa = PBXBuildFile; fileRef = C4EADF7224889D1C0080CD01 /* BubbleRows.swift */; };
		C4F4BBC22471C30900065E4B /* TaskTargetSetView.swift in Sources */ = {isa = PBXBuildFile; fileRef = C4F4BBC12471C30900065E4B /* TaskTargetSetView.swift */; };
		C4F7494D25A42E130085395B /* Set+Extensions.swift in Sources */ = {isa = PBXBuildFile; fileRef = C4F7494C25A42E130085395B /* Set+Extensions.swift */; };
		C4FA83FF25323A3C0079BB81 /* ThemeManager.swift in Sources */ = {isa = PBXBuildFile; fileRef = C4FA83FE25323A3C0079BB81 /* ThemeManager.swift */; };
		C4FC99D8253BF15200E2359F /* Notification.Name+Extensions.swift in Sources */ = {isa = PBXBuildFile; fileRef = C4FC99D7253BF15200E2359F /* Notification.Name+Extensions.swift */; };
		C4FE995124BB8E3F0050C217 /* SetDatePopupUITests.swift in Sources */ = {isa = PBXBuildFile; fileRef = C4FE995024BB8E3F0050C217 /* SetDatePopupUITests.swift */; };
/* End PBXBuildFile section */

/* Begin PBXContainerItemProxy section */
		C4037AB924342E2300150D47 /* PBXContainerItemProxy */ = {
			isa = PBXContainerItemProxy;
			containerPortal = C4037A8C24342E1F00150D47 /* Project object */;
			proxyType = 1;
			remoteGlobalIDString = C4037A9324342E1F00150D47;
			remoteInfo = Mu;
		};
		C465819A25A27DC400E4418D /* PBXContainerItemProxy */ = {
			isa = PBXContainerItemProxy;
			containerPortal = C4037A8C24342E1F00150D47 /* Project object */;
			proxyType = 1;
			remoteGlobalIDString = C465817F25A27D6800E4418D;
			remoteInfo = SharedTestUtils;
		};
		C465822425A292C600E4418D /* PBXContainerItemProxy */ = {
			isa = PBXContainerItemProxy;
			containerPortal = C4037A8C24342E1F00150D47 /* Project object */;
			proxyType = 1;
			remoteGlobalIDString = C4037A9324342E1F00150D47;
			remoteInfo = Mu;
		};
		C465822825A292E000E4418D /* PBXContainerItemProxy */ = {
			isa = PBXContainerItemProxy;
			containerPortal = C4037A8C24342E1F00150D47 /* Project object */;
			proxyType = 1;
			remoteGlobalIDString = C4037A9324342E1F00150D47;
			remoteInfo = Mu;
		};
		C465839825A2ACAB00E4418D /* PBXContainerItemProxy */ = {
			isa = PBXContainerItemProxy;
			containerPortal = C4037A8C24342E1F00150D47 /* Project object */;
			proxyType = 1;
			remoteGlobalIDString = C4037A9324342E1F00150D47;
			remoteInfo = Mu;
		};
		C46583A925A2ACBC00E4418D /* PBXContainerItemProxy */ = {
			isa = PBXContainerItemProxy;
			containerPortal = C4037A8C24342E1F00150D47 /* Project object */;
			proxyType = 1;
			remoteGlobalIDString = C465817F25A27D6800E4418D;
			remoteInfo = SharedTestUtils;
		};
		C4EC7B8925958EB9003B6DD5 /* PBXContainerItemProxy */ = {
			isa = PBXContainerItemProxy;
			containerPortal = C4037A8C24342E1F00150D47 /* Project object */;
			proxyType = 1;
			remoteGlobalIDString = C4EC7B8125958EB1003B6DD5;
			remoteInfo = Versions;
		};
/* End PBXContainerItemProxy section */

/* Begin PBXCopyFilesBuildPhase section */
		C465817E25A27D6800E4418D /* CopyFiles */ = {
			isa = PBXCopyFilesBuildPhase;
			buildActionMask = 2147483647;
			dstPath = "include/$(PRODUCT_NAME)";
			dstSubfolderSpec = 16;
			files = (
			);
			runOnlyForDeploymentPostprocessing = 0;
		};
/* End PBXCopyFilesBuildPhase section */

/* Begin PBXFileReference section */
		042008483E20CEA767F7324A /* Pods-MuTests.release.xcconfig */ = {isa = PBXFileReference; includeInIndex = 1; lastKnownFileType = text.xcconfig; name = "Pods-MuTests.release.xcconfig"; path = "Target Support Files/Pods-MuTests/Pods-MuTests.release.xcconfig"; sourceTree = "<group>"; };
		290DCD335251535455118312 /* Pods-SharedTestUtils.debug.xcconfig */ = {isa = PBXFileReference; includeInIndex = 1; lastKnownFileType = text.xcconfig; name = "Pods-SharedTestUtils.debug.xcconfig"; path = "Target Support Files/Pods-SharedTestUtils/Pods-SharedTestUtils.debug.xcconfig"; sourceTree = "<group>"; };
		44EADB854E2DD1067EE7C493 /* Pods-Mu_AUT_Function.release.xcconfig */ = {isa = PBXFileReference; includeInIndex = 1; lastKnownFileType = text.xcconfig; name = "Pods-Mu_AUT_Function.release.xcconfig"; path = "Target Support Files/Pods-Mu_AUT_Function/Pods-Mu_AUT_Function.release.xcconfig"; sourceTree = "<group>"; };
		51C447A60DCA459E4B8AB193 /* Pods-SharedTestUtils.release.xcconfig */ = {isa = PBXFileReference; includeInIndex = 1; lastKnownFileType = text.xcconfig; name = "Pods-SharedTestUtils.release.xcconfig"; path = "Target Support Files/Pods-SharedTestUtils/Pods-SharedTestUtils.release.xcconfig"; sourceTree = "<group>"; };
		52A0B081CA2AE527419E07AE /* Pods-Mu_AUT_Performance.release.xcconfig */ = {isa = PBXFileReference; includeInIndex = 1; lastKnownFileType = text.xcconfig; name = "Pods-Mu_AUT_Performance.release.xcconfig"; path = "Target Support Files/Pods-Mu_AUT_Performance/Pods-Mu_AUT_Performance.release.xcconfig"; sourceTree = "<group>"; };
		7C335750AD2B685FE639E3DE /* Pods-Mu_AUT_Function.debug.xcconfig */ = {isa = PBXFileReference; includeInIndex = 1; lastKnownFileType = text.xcconfig; name = "Pods-Mu_AUT_Function.debug.xcconfig"; path = "Target Support Files/Pods-Mu_AUT_Function/Pods-Mu_AUT_Function.debug.xcconfig"; sourceTree = "<group>"; };
		93F818CCB99A1927A9AB33BB /* Pods-Mu.release.xcconfig */ = {isa = PBXFileReference; includeInIndex = 1; lastKnownFileType = text.xcconfig; name = "Pods-Mu.release.xcconfig"; path = "Target Support Files/Pods-Mu/Pods-Mu.release.xcconfig"; sourceTree = "<group>"; };
		9D80B2B3F73CC235806A8E18 /* Pods-MuTests.debug.xcconfig */ = {isa = PBXFileReference; includeInIndex = 1; lastKnownFileType = text.xcconfig; name = "Pods-MuTests.debug.xcconfig"; path = "Target Support Files/Pods-MuTests/Pods-MuTests.debug.xcconfig"; sourceTree = "<group>"; };
		A42EEF8790153313551F5B71 /* Pods-Mu_AUT_Performance.debug.xcconfig */ = {isa = PBXFileReference; includeInIndex = 1; lastKnownFileType = text.xcconfig; name = "Pods-Mu_AUT_Performance.debug.xcconfig"; path = "Target Support Files/Pods-Mu_AUT_Performance/Pods-Mu_AUT_Performance.debug.xcconfig"; sourceTree = "<group>"; };
		B1F10812BFAA8782FB6373A0 /* libPods-SharedTestUtils.a */ = {isa = PBXFileReference; explicitFileType = archive.ar; includeInIndex = 0; path = "libPods-SharedTestUtils.a"; sourceTree = BUILT_PRODUCTS_DIR; };
		C4037A9424342E1F00150D47 /* Mu.app */ = {isa = PBXFileReference; explicitFileType = wrapper.application; includeInIndex = 0; path = Mu.app; sourceTree = BUILT_PRODUCTS_DIR; };
		C4037A9724342E1F00150D47 /* AppDelegate.swift */ = {isa = PBXFileReference; lastKnownFileType = sourcecode.swift; path = AppDelegate.swift; sourceTree = "<group>"; };
		C4037A9C24342E1F00150D47 /* Mu.xcdatamodel */ = {isa = PBXFileReference; lastKnownFileType = wrapper.xcdatamodel; path = Mu.xcdatamodel; sourceTree = "<group>"; };
		C4037AA024342E2300150D47 /* Assets.xcassets */ = {isa = PBXFileReference; lastKnownFileType = folder.assetcatalog; path = Assets.xcassets; sourceTree = "<group>"; };
		C4037AA824342E2300150D47 /* Info.plist */ = {isa = PBXFileReference; lastKnownFileType = text.plist.xml; path = Info.plist; sourceTree = "<group>"; };
		C4037AAD24342E2300150D47 /* Mu_AUT_Function.xctest */ = {isa = PBXFileReference; explicitFileType = wrapper.cfbundle; includeInIndex = 0; path = Mu_AUT_Function.xctest; sourceTree = BUILT_PRODUCTS_DIR; };
		C4037AB324342E2300150D47 /* Info.plist */ = {isa = PBXFileReference; lastKnownFileType = text.plist.xml; path = Info.plist; sourceTree = "<group>"; };
		C4037AB824342E2300150D47 /* MuUITests.xctest */ = {isa = PBXFileReference; explicitFileType = wrapper.cfbundle; includeInIndex = 0; path = MuUITests.xctest; sourceTree = BUILT_PRODUCTS_DIR; };
		C4037ABC24342E2300150D47 /* AddTaskUITests.swift */ = {isa = PBXFileReference; lastKnownFileType = sourcecode.swift; path = AddTaskUITests.swift; sourceTree = "<group>"; };
		C4037ABE24342E2300150D47 /* Info.plist */ = {isa = PBXFileReference; lastKnownFileType = text.plist.xml; path = Info.plist; sourceTree = "<group>"; };
		C40416EE259E7AA400849E1D /* ErrorViewHostingController.swift */ = {isa = PBXFileReference; lastKnownFileType = sourcecode.swift; path = ErrorViewHostingController.swift; sourceTree = "<group>"; };
		C406563324AA01A9002926EB /* TaskTargetSet-Tests.swift */ = {isa = PBXFileReference; lastKnownFileType = sourcecode.swift; path = "TaskTargetSet-Tests.swift"; sourceTree = "<group>"; };
		C406563624AA08E9002926EB /* Tag-Tests.swift */ = {isa = PBXFileReference; lastKnownFileType = sourcecode.swift; path = "Tag-Tests.swift"; sourceTree = "<group>"; };
		C409257B248664A600E463DA /* TaskTargetSetPopup.swift */ = {isa = PBXFileReference; lastKnownFileType = sourcecode.swift; path = TaskTargetSetPopup.swift; sourceTree = "<group>"; };
		C4130C1824C6FB4F003EF047 /* LowOnlyTests.swift */ = {isa = PBXFileReference; lastKnownFileType = sourcecode.swift; path = LowOnlyTests.swift; sourceTree = "<group>"; };
		C4130C1A24C6FB56003EF047 /* HighOnlyTests.swift */ = {isa = PBXFileReference; lastKnownFileType = sourcecode.swift; path = HighOnlyTests.swift; sourceTree = "<group>"; };
		C4130C1C24C6FB6B003EF047 /* LowEqualToHighTests.swift */ = {isa = PBXFileReference; lastKnownFileType = sourcecode.swift; path = LowEqualToHighTests.swift; sourceTree = "<group>"; };
		C4130C1E24C6FB7A003EF047 /* LowGreaterThanHighTests.swift */ = {isa = PBXFileReference; lastKnownFileType = sourcecode.swift; path = LowGreaterThanHighTests.swift; sourceTree = "<group>"; };
		C4130C2024C6FB85003EF047 /* LowLessThanHighTests.swift */ = {isa = PBXFileReference; lastKnownFileType = sourcecode.swift; path = LowLessThanHighTests.swift; sourceTree = "<group>"; };
		C4130C2224C86E9A003EF047 /* TaskTypeSection.swift */ = {isa = PBXFileReference; lastKnownFileType = sourcecode.swift; path = TaskTypeSection.swift; sourceTree = "<group>"; };
		C416E6BE251808000063309F /* SettingsPresentationView.swift */ = {isa = PBXFileReference; lastKnownFileType = sourcecode.swift; path = SettingsPresentationView.swift; sourceTree = "<group>"; };
		C41A73E52451BFD2007007CB /* EditTask.swift */ = {isa = PBXFileReference; lastKnownFileType = sourcecode.swift; path = EditTask.swift; sourceTree = "<group>"; };
		C41A73E72451CA8F007007CB /* TodayCollectionViewControllerRepresentable.swift */ = {isa = PBXFileReference; lastKnownFileType = sourcecode.swift; path = TodayCollectionViewControllerRepresentable.swift; sourceTree = "<group>"; };
		C41A73E92451CABC007007CB /* TodayCollectionViewController.swift */ = {isa = PBXFileReference; lastKnownFileType = sourcecode.swift; path = TodayCollectionViewController.swift; sourceTree = "<group>"; };
		C41A73EC245207F7007007CB /* EditTaskHostingController.swift */ = {isa = PBXFileReference; lastKnownFileType = sourcecode.swift; path = EditTaskHostingController.swift; sourceTree = "<group>"; };
		C41D107724BDCBA800549CA1 /* DayBubbleLabels.swift */ = {isa = PBXFileReference; lastKnownFileType = sourcecode.swift; path = DayBubbleLabels.swift; sourceTree = "<group>"; };
		C41F8732248F8FF2008AC18D /* Float+Extensions.swift */ = {isa = PBXFileReference; lastKnownFileType = sourcecode.swift; path = "Float+Extensions.swift"; sourceTree = "<group>"; };
		C429D08D25912C99008A46BC /* GoogleService-Info-Debug.plist */ = {isa = PBXFileReference; fileEncoding = 4; lastKnownFileType = text.plist.xml; path = "GoogleService-Info-Debug.plist"; sourceTree = "<group>"; };
		C429D08E25912C99008A46BC /* GoogleService-Info-Release.plist */ = {isa = PBXFileReference; fileEncoding = 4; lastKnownFileType = text.plist.xml; path = "GoogleService-Info-Release.plist"; sourceTree = "<group>"; };
		C42B5B4C259ACD6E00E6A093 /* ErrorView.swift */ = {isa = PBXFileReference; lastKnownFileType = sourcecode.swift; path = ErrorView.swift; sourceTree = "<group>"; };
		C430EEAB24BF822A00BD98FD /* InsufficientInputUITests.swift */ = {isa = PBXFileReference; lastKnownFileType = sourcecode.swift; path = InsufficientInputUITests.swift; sourceTree = "<group>"; };
		C43205F424A0B7C0004D3AA1 /* TestContainer.swift */ = {isa = PBXFileReference; lastKnownFileType = sourcecode.swift; path = TestContainer.swift; sourceTree = "<group>"; };
		C436D34B24505CAD001ED468 /* TodayCollectionViewCell.swift */ = {isa = PBXFileReference; lastKnownFileType = sourcecode.swift; path = TodayCollectionViewCell.swift; sourceTree = "<group>"; };
		C43AE1C0256075D200F1D560 /* CollectionSizer.swift */ = {isa = PBXFileReference; lastKnownFileType = sourcecode.swift; path = CollectionSizer.swift; sourceTree = "<group>"; };
		C43AE1D32560C12700F1D560 /* CollectionSizer-Tests.swift */ = {isa = PBXFileReference; lastKnownFileType = sourcecode.swift; path = "CollectionSizer-Tests.swift"; sourceTree = "<group>"; };
		C43BD950244472A4003E68DC /* AddTask.swift */ = {isa = PBXFileReference; lastKnownFileType = sourcecode.swift; path = AddTask.swift; sourceTree = "<group>"; };
		C442AE0C2546D71000A9EB72 /* ErrorManager.swift */ = {isa = PBXFileReference; lastKnownFileType = sourcecode.swift; path = ErrorManager.swift; sourceTree = "<group>"; };
		C44940C82498D713009FE818 /* SaveFormatter-Tests.swift */ = {isa = PBXFileReference; lastKnownFileType = sourcecode.swift; path = "SaveFormatter-Tests.swift"; sourceTree = "<group>"; };
		C44940CC2498F113009FE818 /* BubbleRows-Tests.swift */ = {isa = PBXFileReference; lastKnownFileType = sourcecode.swift; path = "BubbleRows-Tests.swift"; sourceTree = "<group>"; };
		C44C7F88243DCCC900072AD8 /* MainTabBarView.swift */ = {isa = PBXFileReference; lastKnownFileType = sourcecode.swift; path = MainTabBarView.swift; sourceTree = "<group>"; };
		C44C7F8A243DCD3D00072AD8 /* SceneDelegate.swift */ = {isa = PBXFileReference; lastKnownFileType = sourcecode.swift; path = SceneDelegate.swift; sourceTree = "<group>"; };
		C4578D2224B4065C008BD3D4 /* TaskNameTextFieldSection.swift */ = {isa = PBXFileReference; lastKnownFileType = sourcecode.swift; path = TaskNameTextFieldSection.swift; sourceTree = "<group>"; };
		C4578D2424B4076D008BD3D4 /* StartAndEndDateSection.swift */ = {isa = PBXFileReference; lastKnownFileType = sourcecode.swift; path = StartAndEndDateSection.swift; sourceTree = "<group>"; };
		C45790AD249FE74C002E16D5 /* Task-Tests.swift */ = {isa = PBXFileReference; lastKnownFileType = sourcecode.swift; path = "Task-Tests.swift"; sourceTree = "<group>"; };
		C462C053243A1F9600EBB940 /* TodayViewControllerUITests.swift */ = {isa = PBXFileReference; lastKnownFileType = sourcecode.swift; path = TodayViewControllerUITests.swift; sourceTree = "<group>"; };
		C465818025A27D6800E4418D /* libSharedTestUtils.a */ = {isa = PBXFileReference; explicitFileType = archive.ar; includeInIndex = 0; path = libSharedTestUtils.a; sourceTree = BUILT_PRODUCTS_DIR; };
		C465819325A27D7300E4418D /* XCTest.framework */ = {isa = PBXFileReference; lastKnownFileType = wrapper.framework; name = XCTest.framework; path = Platforms/iPhoneOS.platform/Developer/Library/Frameworks/XCTest.framework; sourceTree = DEVELOPER_DIR; };
		C46582EC25A2A86700E4418D /* libPods-Mu.a */ = {isa = PBXFileReference; explicitFileType = archive.ar; path = "libPods-Mu.a"; sourceTree = BUILT_PRODUCTS_DIR; };
		C465839325A2ACAB00E4418D /* Mu_AUT_Performance.xctest */ = {isa = PBXFileReference; explicitFileType = wrapper.cfbundle; includeInIndex = 0; path = Mu_AUT_Performance.xctest; sourceTree = BUILT_PRODUCTS_DIR; };
		C465839525A2ACAB00E4418D /* Task-TagHandling-Tests-Performance.swift */ = {isa = PBXFileReference; lastKnownFileType = sourcecode.swift; path = "Task-TagHandling-Tests-Performance.swift"; sourceTree = "<group>"; };
		C465839725A2ACAB00E4418D /* Info.plist */ = {isa = PBXFileReference; lastKnownFileType = text.plist.xml; path = Info.plist; sourceTree = "<group>"; };
		C46583DF25A2AF4F00E4418D /* Task-TagHandling-Tests-Util.swift */ = {isa = PBXFileReference; lastKnownFileType = sourcecode.swift; path = "Task-TagHandling-Tests-Util.swift"; sourceTree = "<group>"; };
		C46583E725A2B04000E4418D /* Task-InstanceDelta-Tests-Util.swift */ = {isa = PBXFileReference; lastKnownFileType = sourcecode.swift; path = "Task-InstanceDelta-Tests-Util.swift"; sourceTree = "<group>"; };
		C46583FD25A2B0B500E4418D /* Task-InstanceDelta-Tests-Performance.swift */ = {isa = PBXFileReference; lastKnownFileType = sourcecode.swift; path = "Task-InstanceDelta-Tests-Performance.swift"; sourceTree = "<group>"; };
		C465840B25A2B61000E4418D /* Task-InstanceHandling-Tests-Util.swift */ = {isa = PBXFileReference; lastKnownFileType = sourcecode.swift; path = "Task-InstanceHandling-Tests-Util.swift"; sourceTree = "<group>"; };
		C465841925A2B83000E4418D /* Task-InstanceHandling-Tests-Performance.swift */ = {isa = PBXFileReference; lastKnownFileType = sourcecode.swift; path = "Task-InstanceHandling-Tests-Performance.swift"; sourceTree = "<group>"; };
		C466A7A524473A2500EC3E97 /* Date+Extensions.swift */ = {isa = PBXFileReference; lastKnownFileType = sourcecode.swift; path = "Date+Extensions.swift"; sourceTree = "<group>"; };
		C4697EE124561BEF00B028A2 /* CDCoordinator.swift */ = {isa = PBXFileReference; lastKnownFileType = sourcecode.swift; path = CDCoordinator.swift; sourceTree = "<group>"; };
		C46C2BD52505D69C000320B4 /* Float-Extension-Tests.swift */ = {isa = PBXFileReference; lastKnownFileType = sourcecode.swift; path = "Float-Extension-Tests.swift"; sourceTree = "<group>"; };
		C46C2BD92505DF62000320B4 /* EditTaskHostingController-Tests.swift */ = {isa = PBXFileReference; lastKnownFileType = sourcecode.swift; path = "EditTaskHostingController-Tests.swift"; sourceTree = "<group>"; };
		C46C4669247DFC83001431B8 /* TaskInstance.swift */ = {isa = PBXFileReference; lastKnownFileType = sourcecode.swift; path = TaskInstance.swift; sourceTree = "<group>"; };
		C46DC967243DEBB20037C74C /* TodayView.swift */ = {isa = PBXFileReference; lastKnownFileType = sourcecode.swift; path = TodayView.swift; sourceTree = "<group>"; };
		C46DC969243DEC3B0037C74C /* AnalysisView.swift */ = {isa = PBXFileReference; lastKnownFileType = sourcecode.swift; path = AnalysisView.swift; sourceTree = "<group>"; };
		C46DC96B243DEC420037C74C /* ManageView.swift */ = {isa = PBXFileReference; lastKnownFileType = sourcecode.swift; path = ManageView.swift; sourceTree = "<group>"; };
		C46DC96D243DEC480037C74C /* SettingsView.swift */ = {isa = PBXFileReference; lastKnownFileType = sourcecode.swift; path = SettingsView.swift; sourceTree = "<group>"; };
		C46FD04F253CE81300CE489E /* UINavigationController+Extensions.swift */ = {isa = PBXFileReference; lastKnownFileType = sourcecode.swift; path = "UINavigationController+Extensions.swift"; sourceTree = "<group>"; };
		C47389982482CCB400462134 /* DayPattern.swift */ = {isa = PBXFileReference; lastKnownFileType = sourcecode.swift; path = DayPattern.swift; sourceTree = "<group>"; };
		C482233224BA57B000E6426E /* TaskTargetSetSection.swift */ = {isa = PBXFileReference; lastKnownFileType = sourcecode.swift; path = TaskTargetSetSection.swift; sourceTree = "<group>"; };
		C48F02302448A5730088227F /* TaskSummaryAnalysis.swift */ = {isa = PBXFileReference; lastKnownFileType = sourcecode.swift; path = TaskSummaryAnalysis.swift; sourceTree = "<group>"; };
		C48F02342448A5730088227F /* Tag.swift */ = {isa = PBXFileReference; lastKnownFileType = sourcecode.swift; path = Tag.swift; sourceTree = "<group>"; };
		C48F02362448A5730088227F /* LegendEntry.swift */ = {isa = PBXFileReference; lastKnownFileType = sourcecode.swift; path = LegendEntry.swift; sourceTree = "<group>"; };
		C48F023A2448A5730088227F /* Task.swift */ = {isa = PBXFileReference; lastKnownFileType = sourcecode.swift; path = Task.swift; sourceTree = "<group>"; };
		C48F02422448A5730088227F /* Analysis.swift */ = {isa = PBXFileReference; lastKnownFileType = sourcecode.swift; path = Analysis.swift; sourceTree = "<group>"; };
		C48F9761245ADBC3000339E9 /* SetDatePopup.swift */ = {isa = PBXFileReference; lastKnownFileType = sourcecode.swift; path = SetDatePopup.swift; sourceTree = "<group>"; };
		C4908D27253E20A100B51ADF /* SelectDatePopup.swift */ = {isa = PBXFileReference; lastKnownFileType = sourcecode.swift; path = SelectDatePopup.swift; sourceTree = "<group>"; };
		C4925035254F942400A3C424 /* TodayCollectionViewCell-Tests.swift */ = {isa = PBXFileReference; lastKnownFileType = sourcecode.swift; path = "TodayCollectionViewCell-Tests.swift"; sourceTree = "<group>"; };
		C492BDDB255B93EF0054CD2A /* FetchRequests.swift */ = {isa = PBXFileReference; lastKnownFileType = sourcecode.swift; path = FetchRequests.swift; sourceTree = "<group>"; };
		C499FFEC247364DF00ABB64C /* SaveFormatter.swift */ = {isa = PBXFileReference; lastKnownFileType = sourcecode.swift; path = SaveFormatter.swift; sourceTree = "<group>"; };
		C499FFF2247371FA00ABB64C /* TaskTargetSet.swift */ = {isa = PBXFileReference; lastKnownFileType = sourcecode.swift; path = TaskTargetSet.swift; sourceTree = "<group>"; };
		C49B3463243921FE00CF3FCD /* MainTabBarUITests.swift */ = {isa = PBXFileReference; lastKnownFileType = sourcecode.swift; name = MainTabBarUITests.swift; path = MuUITests/MainTabBarUITests.swift; sourceTree = SOURCE_ROOT; };
		C49D666624E8992B0030DB54 /* Extensions.swift */ = {isa = PBXFileReference; lastKnownFileType = sourcecode.swift; path = Extensions.swift; sourceTree = "<group>"; };
		C4A10C7C24E9BD9A00F015A4 /* SelectDatesSection.swift */ = {isa = PBXFileReference; lastKnownFileType = sourcecode.swift; path = SelectDatesSection.swift; sourceTree = "<group>"; };
		C4A10C7E24E9C29000F015A4 /* AddDatePopup.swift */ = {isa = PBXFileReference; lastKnownFileType = sourcecode.swift; path = AddDatePopup.swift; sourceTree = "<group>"; };
		C4ACD3C8250D6FCB00D56277 /* AddTagPopup.swift */ = {isa = PBXFileReference; lastKnownFileType = sourcecode.swift; path = AddTagPopup.swift; sourceTree = "<group>"; };
		C4ACD3CA250D715100D56277 /* TagsSection.swift */ = {isa = PBXFileReference; lastKnownFileType = sourcecode.swift; path = TagsSection.swift; sourceTree = "<group>"; };
		C4B2AC6E249ECDD000FC98F1 /* TaskTargetSetView-Tests.swift */ = {isa = PBXFileReference; lastKnownFileType = sourcecode.swift; path = "TaskTargetSetView-Tests.swift"; sourceTree = "<group>"; };
		C4B2AC72249EEE8E00FC98F1 /* TaskTargetSetPopup-Tests.swift */ = {isa = PBXFileReference; lastKnownFileType = sourcecode.swift; path = "TaskTargetSetPopup-Tests.swift"; sourceTree = "<group>"; };
		C4C5FDE4250E7188004FAE47 /* AddTagPopup-Tests.swift */ = {isa = PBXFileReference; lastKnownFileType = sourcecode.swift; path = "AddTagPopup-Tests.swift"; sourceTree = "<group>"; };
		C4C961C5250A432000C7EEEA /* DayBubbleLabels-Tests.swift */ = {isa = PBXFileReference; lastKnownFileType = sourcecode.swift; path = "DayBubbleLabels-Tests.swift"; sourceTree = "<group>"; };
		C4D618F7252EA085009A9751 /* SettingsPresentationDetailView.swift */ = {isa = PBXFileReference; lastKnownFileType = sourcecode.swift; path = SettingsPresentationDetailView.swift; sourceTree = "<group>"; };
		C4D8A34C249EB1D7008B3B9C /* Date-Extension-Tests.swift */ = {isa = PBXFileReference; lastKnownFileType = sourcecode.swift; path = "Date-Extension-Tests.swift"; sourceTree = "<group>"; };
		C4D9DB6325475771002F0B40 /* SetCountPopup.swift */ = {isa = PBXFileReference; lastKnownFileType = sourcecode.swift; path = SetCountPopup.swift; sourceTree = "<group>"; };
		C4D9DB682547614B002F0B40 /* SetCountPopupHostingController.swift */ = {isa = PBXFileReference; lastKnownFileType = sourcecode.swift; path = SetCountPopupHostingController.swift; sourceTree = "<group>"; };
		C4DAFA1524A35F82007E85AB /* NSManagedObject+Extensions.swift */ = {isa = PBXFileReference; lastKnownFileType = sourcecode.swift; path = "NSManagedObject+Extensions.swift"; sourceTree = "<group>"; };
		C4DB3ED82491508700C2DC8E /* ConfirmDeletePopup.swift */ = {isa = PBXFileReference; lastKnownFileType = sourcecode.swift; path = ConfirmDeletePopup.swift; sourceTree = "<group>"; };
		C4DCDFB924B12A3B008F727F /* XCUIElement+Extensions.swift */ = {isa = PBXFileReference; lastKnownFileType = sourcecode.swift; path = "XCUIElement+Extensions.swift"; sourceTree = "<group>"; };
		C4E5D5ED250426A000557373 /* Task-TagHandling-Tests.swift */ = {isa = PBXFileReference; lastKnownFileType = sourcecode.swift; path = "Task-TagHandling-Tests.swift"; sourceTree = "<group>"; };
		C4E5D5F125042F6C00557373 /* Task-InstanceDelta-Tests.swift */ = {isa = PBXFileReference; lastKnownFileType = sourcecode.swift; path = "Task-InstanceDelta-Tests.swift"; sourceTree = "<group>"; };
		C4E5D5F425042F9400557373 /* Task-InstanceHandling-Tests.swift */ = {isa = PBXFileReference; lastKnownFileType = sourcecode.swift; path = "Task-InstanceHandling-Tests.swift"; sourceTree = "<group>"; };
		C4EADF7224889D1C0080CD01 /* BubbleRows.swift */ = {isa = PBXFileReference; lastKnownFileType = sourcecode.swift; path = BubbleRows.swift; sourceTree = "<group>"; };
		C4F4BBC12471C30900065E4B /* TaskTargetSetView.swift */ = {isa = PBXFileReference; lastKnownFileType = sourcecode.swift; path = TaskTargetSetView.swift; sourceTree = "<group>"; };
		C4F7494C25A42E130085395B /* Set+Extensions.swift */ = {isa = PBXFileReference; lastKnownFileType = sourcecode.swift; name = "Set+Extensions.swift"; path = "../../../../../../Set+Extensions.swift"; sourceTree = "<group>"; };
		C4FA83FE25323A3C0079BB81 /* ThemeManager.swift */ = {isa = PBXFileReference; lastKnownFileType = sourcecode.swift; path = ThemeManager.swift; sourceTree = "<group>"; };
		C4FC99D7253BF15200E2359F /* Notification.Name+Extensions.swift */ = {isa = PBXFileReference; lastKnownFileType = sourcecode.swift; path = "Notification.Name+Extensions.swift"; sourceTree = "<group>"; };
		C4FE995024BB8E3F0050C217 /* SetDatePopupUITests.swift */ = {isa = PBXFileReference; lastKnownFileType = sourcecode.swift; path = SetDatePopupUITests.swift; sourceTree = "<group>"; };
		CDF89AF04D4AA33CDE73C14A /* libPods-Mu_AUT_Performance.a */ = {isa = PBXFileReference; explicitFileType = archive.ar; includeInIndex = 0; path = "libPods-Mu_AUT_Performance.a"; sourceTree = BUILT_PRODUCTS_DIR; };
		D47FC837463CD92B4ECDE7DD /* libPods-Mu_AUT_Function.a */ = {isa = PBXFileReference; explicitFileType = archive.ar; includeInIndex = 0; path = "libPods-Mu_AUT_Function.a"; sourceTree = BUILT_PRODUCTS_DIR; };
		F3152598BE06FF5A4A09550D /* Pods-Mu.debug.xcconfig */ = {isa = PBXFileReference; includeInIndex = 1; lastKnownFileType = text.xcconfig; name = "Pods-Mu.debug.xcconfig"; path = "Target Support Files/Pods-Mu/Pods-Mu.debug.xcconfig"; sourceTree = "<group>"; };
/* End PBXFileReference section */

/* Begin PBXFrameworksBuildPhase section */
		C4037A9124342E1F00150D47 /* Frameworks */ = {
			isa = PBXFrameworksBuildPhase;
			buildActionMask = 2147483647;
			files = (
				C46582ED25A2A86700E4418D /* libPods-Mu.a in Frameworks */,
			);
			runOnlyForDeploymentPostprocessing = 0;
		};
		C4037AAA24342E2300150D47 /* Frameworks */ = {
			isa = PBXFrameworksBuildPhase;
			buildActionMask = 2147483647;
			files = (
				C465821425A2920C00E4418D /* libSharedTestUtils.a in Frameworks */,
				B88C10F4211188FBDB41B44E /* libPods-Mu_AUT_Function.a in Frameworks */,
			);
			runOnlyForDeploymentPostprocessing = 0;
		};
		C4037AB524342E2300150D47 /* Frameworks */ = {
			isa = PBXFrameworksBuildPhase;
			buildActionMask = 2147483647;
			files = (
			);
			runOnlyForDeploymentPostprocessing = 0;
		};
		C465817D25A27D6800E4418D /* Frameworks */ = {
			isa = PBXFrameworksBuildPhase;
			buildActionMask = 2147483647;
			files = (
				C465819425A27D7300E4418D /* XCTest.framework in Frameworks */,
				1A04A4E0A489675CD86B84A3 /* libPods-SharedTestUtils.a in Frameworks */,
			);
			runOnlyForDeploymentPostprocessing = 0;
		};
		C465839025A2ACAB00E4418D /* Frameworks */ = {
			isa = PBXFrameworksBuildPhase;
			buildActionMask = 2147483647;
			files = (
				C46583C625A2ACE500E4418D /* libSharedTestUtils.a in Frameworks */,
				33F3B41306E2C2951B94D6AB /* libPods-Mu_AUT_Performance.a in Frameworks */,
			);
			runOnlyForDeploymentPostprocessing = 0;
		};
/* End PBXFrameworksBuildPhase section */

/* Begin PBXGroup section */
		1A157D2107AFEF5B8A419F40 /* Pods */ = {
			isa = PBXGroup;
			children = (
				F3152598BE06FF5A4A09550D /* Pods-Mu.debug.xcconfig */,
				93F818CCB99A1927A9AB33BB /* Pods-Mu.release.xcconfig */,
				9D80B2B3F73CC235806A8E18 /* Pods-MuTests.debug.xcconfig */,
				042008483E20CEA767F7324A /* Pods-MuTests.release.xcconfig */,
				290DCD335251535455118312 /* Pods-SharedTestUtils.debug.xcconfig */,
				51C447A60DCA459E4B8AB193 /* Pods-SharedTestUtils.release.xcconfig */,
				7C335750AD2B685FE639E3DE /* Pods-Mu_AUT_Function.debug.xcconfig */,
				44EADB854E2DD1067EE7C493 /* Pods-Mu_AUT_Function.release.xcconfig */,
				A42EEF8790153313551F5B71 /* Pods-Mu_AUT_Performance.debug.xcconfig */,
				52A0B081CA2AE527419E07AE /* Pods-Mu_AUT_Performance.release.xcconfig */,
			);
			path = Pods;
			sourceTree = "<group>";
		};
		8AD43B30ED9F77EA07670B70 /* Frameworks */ = {
			isa = PBXGroup;
			children = (
				C46582EC25A2A86700E4418D /* libPods-Mu.a */,
				C465819325A27D7300E4418D /* XCTest.framework */,
				B1F10812BFAA8782FB6373A0 /* libPods-SharedTestUtils.a */,
				D47FC837463CD92B4ECDE7DD /* libPods-Mu_AUT_Function.a */,
				CDF89AF04D4AA33CDE73C14A /* libPods-Mu_AUT_Performance.a */,
			);
			name = Frameworks;
			sourceTree = "<group>";
		};
		C4037A8B24342E1F00150D47 = {
			isa = PBXGroup;
			children = (
				C4037A9624342E1F00150D47 /* Mu */,
				C465818125A27D6800E4418D /* SharedTestUtils */,
				C4037AB024342E2300150D47 /* Mu_AUT_Function */,
				C465839425A2ACAB00E4418D /* Mu_AUT_Performance */,
				C4037ABB24342E2300150D47 /* MuUITests */,
				C4037A9524342E1F00150D47 /* Products */,
				1A157D2107AFEF5B8A419F40 /* Pods */,
				8AD43B30ED9F77EA07670B70 /* Frameworks */,
			);
			sourceTree = "<group>";
		};
		C4037A9524342E1F00150D47 /* Products */ = {
			isa = PBXGroup;
			children = (
				C4037A9424342E1F00150D47 /* Mu.app */,
				C4037AAD24342E2300150D47 /* Mu_AUT_Function.xctest */,
				C4037AB824342E2300150D47 /* MuUITests.xctest */,
				C465818025A27D6800E4418D /* libSharedTestUtils.a */,
				C465839325A2ACAB00E4418D /* Mu_AUT_Performance.xctest */,
			);
			name = Products;
			sourceTree = "<group>";
		};
		C4037A9624342E1F00150D47 /* Mu */ = {
			isa = PBXGroup;
			children = (
				C4C2F2DF25B4CE6C00B7FE27 /* product */,
				C48F022F2448A4700088227F /* core-data */,
				C466A7A324473A0400EC3E97 /* util */,
				C44C7F85243CA54A00072AD8 /* views */,
				C4037A9724342E1F00150D47 /* AppDelegate.swift */,
				C44C7F8A243DCD3D00072AD8 /* SceneDelegate.swift */,
				C4037A9B24342E1F00150D47 /* Mu.xcdatamodeld */,
				C4037AA024342E2300150D47 /* Assets.xcassets */,
				C4037AA824342E2300150D47 /* Info.plist */,
			);
			path = Mu;
			sourceTree = "<group>";
		};
		C4037AB024342E2300150D47 /* Mu_AUT_Function */ = {
			isa = PBXGroup;
			children = (
				C45790AC249FE72A002E16D5 /* core-data-tests */,
				C405FA0224F15BE200F6A547 /* view-tests */,
				C405FA0124F15BDB00F6A547 /* util-tests */,
				C4037AB324342E2300150D47 /* Info.plist */,
			);
			path = Mu_AUT_Function;
			sourceTree = "<group>";
		};
		C4037ABB24342E2300150D47 /* MuUITests */ = {
			isa = PBXGroup;
			children = (
				C430EEAA24BF820400BD98FD /* task-target-set-popup-ui-tests */,
				C4037ABE24342E2300150D47 /* Info.plist */,
				C4037ABC24342E2300150D47 /* AddTaskUITests.swift */,
				C49B3463243921FE00CF3FCD /* MainTabBarUITests.swift */,
				C4FE995024BB8E3F0050C217 /* SetDatePopupUITests.swift */,
				C462C053243A1F9600EBB940 /* TodayViewControllerUITests.swift */,
				C4DCDFBC24B144E8008F727F /* util */,
			);
			path = MuUITests;
			sourceTree = "<group>";
		};
		C40416ED259E7A8200849E1D /* hosting */ = {
			isa = PBXGroup;
			children = (
				C40416EE259E7AA400849E1D /* ErrorViewHostingController.swift */,
			);
			path = hosting;
			sourceTree = "<group>";
		};
		C405FA0124F15BDB00F6A547 /* util-tests */ = {
			isa = PBXGroup;
			children = (
				C4D8A34C249EB1D7008B3B9C /* Date-Extension-Tests.swift */,
				C46C2BD52505D69C000320B4 /* Float-Extension-Tests.swift */,
				C4C961C5250A432000C7EEEA /* DayBubbleLabels-Tests.swift */,
				C43AE1D32560C12700F1D560 /* CollectionSizer-Tests.swift */,
			);
			path = "util-tests";
			sourceTree = "<group>";
		};
		C405FA0224F15BE200F6A547 /* view-tests */ = {
			isa = PBXGroup;
			children = (
				C4925034254F940900A3C424 /* representable-tests */,
				C42CE5E82515639A00044AC7 /* main-view-tests */,
				C4C5FDE3250E7173004FAE47 /* popup-tests */,
				C46C2BD72505DF1A000320B4 /* hosting-tests */,
				C46C2BD82505DF3A000320B4 /* task-target-set-views-tests */,
			);
			path = "view-tests";
			sourceTree = "<group>";
		};
		C406563224AA0199002926EB /* task-target-set-tests */ = {
			isa = PBXGroup;
			children = (
				C406563324AA01A9002926EB /* TaskTargetSet-Tests.swift */,
			);
			path = "task-target-set-tests";
			sourceTree = "<group>";
		};
		C406563524AA08DC002926EB /* tag-tests */ = {
			isa = PBXGroup;
			children = (
				C406563624AA08E9002926EB /* Tag-Tests.swift */,
			);
			path = "tag-tests";
			sourceTree = "<group>";
		};
		C416E6BD251807EA0063309F /* settings-views */ = {
			isa = PBXGroup;
			children = (
				C416E6BE251808000063309F /* SettingsPresentationView.swift */,
				C4D618F7252EA085009A9751 /* SettingsPresentationDetailView.swift */,
			);
			path = "settings-views";
			sourceTree = "<group>";
		};
		C41A73EB245207A2007007CB /* hosting */ = {
			isa = PBXGroup;
			children = (
				C4D9DB682547614B002F0B40 /* SetCountPopupHostingController.swift */,
			);
			path = hosting;
			sourceTree = "<group>";
		};
		C41D107624BDCB8C00549CA1 /* constants */ = {
			isa = PBXGroup;
			children = (
				C41D107724BDCBA800549CA1 /* DayBubbleLabels.swift */,
			);
			path = constants;
			sourceTree = "<group>";
		};
		C42B5B52259ACD7300E6A093 /* error-views */ = {
			isa = PBXGroup;
			children = (
				C40416ED259E7A8200849E1D /* hosting */,
				C42B5B4C259ACD6E00E6A093 /* ErrorView.swift */,
			);
			path = "error-views";
			sourceTree = "<group>";
		};
		C42CE5E82515639A00044AC7 /* main-view-tests */ = {
			isa = PBXGroup;
			children = (
			);
			path = "main-view-tests";
			sourceTree = "<group>";
		};
		C430EEAA24BF820400BD98FD /* task-target-set-popup-ui-tests */ = {
			isa = PBXGroup;
			children = (
				C430EEAB24BF822A00BD98FD /* InsufficientInputUITests.swift */,
				C4130C1824C6FB4F003EF047 /* LowOnlyTests.swift */,
				C4130C1A24C6FB56003EF047 /* HighOnlyTests.swift */,
				C4130C1C24C6FB6B003EF047 /* LowEqualToHighTests.swift */,
				C4130C1E24C6FB7A003EF047 /* LowGreaterThanHighTests.swift */,
				C4130C2024C6FB85003EF047 /* LowLessThanHighTests.swift */,
			);
			path = "task-target-set-popup-ui-tests";
			sourceTree = "<group>";
		};
		C436D34924505A10001ED468 /* representable */ = {
			isa = PBXGroup;
			children = (
				C436D34B24505CAD001ED468 /* TodayCollectionViewCell.swift */,
				C41A73E92451CABC007007CB /* TodayCollectionViewController.swift */,
				C41A73E72451CA8F007007CB /* TodayCollectionViewControllerRepresentable.swift */,
			);
			path = representable;
			sourceTree = "<group>";
		};
		C43BD94F2444728C003E68DC /* task-views */ = {
			isa = PBXGroup;
			children = (
				C43BD950244472A4003E68DC /* AddTask.swift */,
				C41A73E52451BFD2007007CB /* EditTask.swift */,
				C41D107624BDCB8C00549CA1 /* constants */,
				C4BEA99C25894F570079818B /* hosting */,
				C4578D2124B40645008BD3D4 /* reused-sections */,
				C48719A224891999004463F4 /* task-target-set-views */,
			);
			path = "task-views";
			sourceTree = "<group>";
		};
		C44C7F85243CA54A00072AD8 /* views */ = {
			isa = PBXGroup;
			children = (
				C42B5B52259ACD7300E6A093 /* error-views */,
				C4BEA99B25894F370079818B /* today-views */,
				C416E6BD251807EA0063309F /* settings-views */,
				C48F9763245B0B6B000339E9 /* popups */,
				C4D0439024598DB200A75BC9 /* tab-bar */,
				C43BD94F2444728C003E68DC /* task-views */,
			);
			path = views;
			sourceTree = "<group>";
		};
		C4578D2124B40645008BD3D4 /* reused-sections */ = {
			isa = PBXGroup;
			children = (
				C4A10C7C24E9BD9A00F015A4 /* SelectDatesSection.swift */,
				C4578D2424B4076D008BD3D4 /* StartAndEndDateSection.swift */,
				C4ACD3CA250D715100D56277 /* TagsSection.swift */,
				C4578D2224B4065C008BD3D4 /* TaskNameTextFieldSection.swift */,
				C482233224BA57B000E6426E /* TaskTargetSetSection.swift */,
				C4130C2224C86E9A003EF047 /* TaskTypeSection.swift */,
			);
			path = "reused-sections";
			sourceTree = "<group>";
		};
		C45790AC249FE72A002E16D5 /* core-data-tests */ = {
			isa = PBXGroup;
			children = (
				C44940C82498D713009FE818 /* SaveFormatter-Tests.swift */,
				C406563524AA08DC002926EB /* tag-tests */,
				C462099824A1FE3D00F52F16 /* task-tests */,
				C406563224AA0199002926EB /* task-target-set-tests */,
			);
			path = "core-data-tests";
			sourceTree = "<group>";
		};
		C462099824A1FE3D00F52F16 /* task-tests */ = {
			isa = PBXGroup;
			children = (
				C45790AD249FE74C002E16D5 /* Task-Tests.swift */,
				C4E5D5F125042F6C00557373 /* Task-InstanceDelta-Tests.swift */,
				C4E5D5F425042F9400557373 /* Task-InstanceHandling-Tests.swift */,
				C4E5D5ED250426A000557373 /* Task-TagHandling-Tests.swift */,
			);
			path = "task-tests";
			sourceTree = "<group>";
		};
		C465818125A27D6800E4418D /* SharedTestUtils */ = {
			isa = PBXGroup;
			children = (
				C43205F424A0B7C0004D3AA1 /* TestContainer.swift */,
				C49D666624E8992B0030DB54 /* Extensions.swift */,
				C46583E725A2B04000E4418D /* Task-InstanceDelta-Tests-Util.swift */,
				C465840B25A2B61000E4418D /* Task-InstanceHandling-Tests-Util.swift */,
				C46583DF25A2AF4F00E4418D /* Task-TagHandling-Tests-Util.swift */,
			);
			path = SharedTestUtils;
			sourceTree = "<group>";
		};
		C465839425A2ACAB00E4418D /* Mu_AUT_Performance */ = {
			isa = PBXGroup;
			children = (
				C46583FD25A2B0B500E4418D /* Task-InstanceDelta-Tests-Performance.swift */,
				C465841925A2B83000E4418D /* Task-InstanceHandling-Tests-Performance.swift */,
				C465839525A2ACAB00E4418D /* Task-TagHandling-Tests-Performance.swift */,
				C465839725A2ACAB00E4418D /* Info.plist */,
			);
			path = Mu_AUT_Performance;
			sourceTree = "<group>";
		};
		C466A7A324473A0400EC3E97 /* util */ = {
			isa = PBXGroup;
			children = (
				C442AE0C2546D71000A9EB72 /* ErrorManager.swift */,
				C483241F25B4FB1A0047EA86 /* ui */,
				C466A7A424473A1100EC3E97 /* extensions */,
			);
			path = util;
			sourceTree = "<group>";
		};
		C466A7A424473A1100EC3E97 /* extensions */ = {
			isa = PBXGroup;
			children = (
				C466A7A524473A2500EC3E97 /* Date+Extensions.swift */,
				C41F8732248F8FF2008AC18D /* Float+Extensions.swift */,
				C4FC99D7253BF15200E2359F /* Notification.Name+Extensions.swift */,
				C46FD04F253CE81300CE489E /* UINavigationController+Extensions.swift */,
				C4F7494C25A42E130085395B /* Set+Extensions.swift */,
			);
			path = extensions;
			sourceTree = "<group>";
		};
		C46826D02482EC0B006670A8 /* transformable */ = {
			isa = PBXGroup;
			children = (
				C47389982482CCB400462134 /* DayPattern.swift */,
			);
			path = transformable;
			sourceTree = "<group>";
		};
		C46C2BD72505DF1A000320B4 /* hosting-tests */ = {
			isa = PBXGroup;
			children = (
				C46C2BD92505DF62000320B4 /* EditTaskHostingController-Tests.swift */,
			);
			path = "hosting-tests";
			sourceTree = "<group>";
		};
		C46C2BD82505DF3A000320B4 /* task-target-set-views-tests */ = {
			isa = PBXGroup;
			children = (
				C44940CC2498F113009FE818 /* BubbleRows-Tests.swift */,
				C4B2AC72249EEE8E00FC98F1 /* TaskTargetSetPopup-Tests.swift */,
				C4B2AC6E249ECDD000FC98F1 /* TaskTargetSetView-Tests.swift */,
			);
			path = "task-target-set-views-tests";
			sourceTree = "<group>";
		};
		C483241F25B4FB1A0047EA86 /* ui */ = {
			isa = PBXGroup;
			children = (
				C4FA83FE25323A3C0079BB81 /* ThemeManager.swift */,
				C43AE1C0256075D200F1D560 /* CollectionSizer.swift */,
			);
			path = ui;
			sourceTree = "<group>";
		};
		C48719A224891999004463F4 /* task-target-set-views */ = {
			isa = PBXGroup;
			children = (
				C4EADF7224889D1C0080CD01 /* BubbleRows.swift */,
				C409257B248664A600E463DA /* TaskTargetSetPopup.swift */,
				C4F4BBC12471C30900065E4B /* TaskTargetSetView.swift */,
			);
			path = "task-target-set-views";
			sourceTree = "<group>";
		};
		C48F022F2448A4700088227F /* core-data */ = {
			isa = PBXGroup;
			children = (
				C4697EE124561BEF00B028A2 /* CDCoordinator.swift */,
				C4DAFA1524A35F82007E85AB /* NSManagedObject+Extensions.swift */,
				C499FFEC247364DF00ABB64C /* SaveFormatter.swift */,
				C492BDDB255B93EF0054CD2A /* FetchRequests.swift */,
				C4D04366245988D200A75BC9 /* subclasses */,
				C46826D02482EC0B006670A8 /* transformable */,
			);
			path = "core-data";
			sourceTree = "<group>";
		};
		C48F9763245B0B6B000339E9 /* popups */ = {
			isa = PBXGroup;
			children = (
				C4DB3ED82491508700C2DC8E /* ConfirmDeletePopup.swift */,
				C48F9761245ADBC3000339E9 /* SetDatePopup.swift */,
				C4908D27253E20A100B51ADF /* SelectDatePopup.swift */,
				C4A10C7E24E9C29000F015A4 /* AddDatePopup.swift */,
				C4ACD3C8250D6FCB00D56277 /* AddTagPopup.swift */,
				C4D9DB6325475771002F0B40 /* SetCountPopup.swift */,
			);
			path = popups;
			sourceTree = "<group>";
		};
		C4925034254F940900A3C424 /* representable-tests */ = {
			isa = PBXGroup;
			children = (
				C4925035254F942400A3C424 /* TodayCollectionViewCell-Tests.swift */,
			);
			path = "representable-tests";
			sourceTree = "<group>";
		};
		C4BEA99B25894F370079818B /* today-views */ = {
			isa = PBXGroup;
			children = (
				C436D34924505A10001ED468 /* representable */,
				C41A73EB245207A2007007CB /* hosting */,
			);
			path = "today-views";
			sourceTree = "<group>";
		};
		C4BEA99C25894F570079818B /* hosting */ = {
			isa = PBXGroup;
			children = (
				C41A73EC245207F7007007CB /* EditTaskHostingController.swift */,
			);
			path = hosting;
			sourceTree = "<group>";
		};
		C4C2F2DF25B4CE6C00B7FE27 /* product */ = {
			isa = PBXGroup;
			children = (
				C4E8A83F25905BA4001BB09D /* plists */,
			);
			path = product;
			sourceTree = "<group>";
		};
		C4C5FDE3250E7173004FAE47 /* popup-tests */ = {
			isa = PBXGroup;
			children = (
				C4C5FDE4250E7188004FAE47 /* AddTagPopup-Tests.swift */,
			);
			path = "popup-tests";
			sourceTree = "<group>";
		};
		C4D04366245988D200A75BC9 /* subclasses */ = {
			isa = PBXGroup;
			children = (
				C48F02422448A5730088227F /* Analysis.swift */,
				C48F02362448A5730088227F /* LegendEntry.swift */,
				C48F02342448A5730088227F /* Tag.swift */,
				C48F023A2448A5730088227F /* Task.swift */,
				C46C4669247DFC83001431B8 /* TaskInstance.swift */,
				C48F02302448A5730088227F /* TaskSummaryAnalysis.swift */,
				C499FFF2247371FA00ABB64C /* TaskTargetSet.swift */,
			);
			path = subclasses;
			sourceTree = "<group>";
		};
		C4D0439024598DB200A75BC9 /* tab-bar */ = {
			isa = PBXGroup;
			children = (
				C46DC969243DEC3B0037C74C /* AnalysisView.swift */,
				C44C7F88243DCCC900072AD8 /* MainTabBarView.swift */,
				C46DC96B243DEC420037C74C /* ManageView.swift */,
				C46DC96D243DEC480037C74C /* SettingsView.swift */,
				C46DC967243DEBB20037C74C /* TodayView.swift */,
			);
			path = "tab-bar";
			sourceTree = "<group>";
		};
		C4DCDFBC24B144E8008F727F /* util */ = {
			isa = PBXGroup;
			children = (
				C4DCDFB924B12A3B008F727F /* XCUIElement+Extensions.swift */,
			);
			path = util;
			sourceTree = "<group>";
		};
		C4E8A83F25905BA4001BB09D /* plists */ = {
			isa = PBXGroup;
			children = (
				C429D08D25912C99008A46BC /* GoogleService-Info-Debug.plist */,
				C429D08E25912C99008A46BC /* GoogleService-Info-Release.plist */,
			);
			path = plists;
			sourceTree = "<group>";
		};
/* End PBXGroup section */

/* Begin PBXNativeTarget section */
		C4037A9324342E1F00150D47 /* Mu */ = {
			isa = PBXNativeTarget;
			buildConfigurationList = C4037AC124342E2300150D47 /* Build configuration list for PBXNativeTarget "Mu" */;
			buildPhases = (
				3AB9327A9A597B79B798D49C /* [CP] Check Pods Manifest.lock */,
				C4CFC5C72592C696000BA4DA /* Log Build Variables */,
				C4037A9024342E1F00150D47 /* Sources */,
				C4037A9124342E1F00150D47 /* Frameworks */,
				C4037A9224342E1F00150D47 /* Resources */,
				C4E8A833259053DB001BB09D /* Update GoogleService-Info.plist */,
				C4D443B7253F43E60035156D /* Run Crashlytics */,
			);
			buildRules = (
			);
			dependencies = (
				C4EC7B8A25958EB9003B6DD5 /* PBXTargetDependency */,
			);
			name = Mu;
			productName = Mu;
			productReference = C4037A9424342E1F00150D47 /* Mu.app */;
			productType = "com.apple.product-type.application";
		};
		C4037AAC24342E2300150D47 /* Mu_AUT_Function */ = {
			isa = PBXNativeTarget;
			buildConfigurationList = C4037AC424342E2300150D47 /* Build configuration list for PBXNativeTarget "Mu_AUT_Function" */;
			buildPhases = (
				B32CA8E36345B60628BB2E3C /* [CP] Check Pods Manifest.lock */,
				C4037AA924342E2300150D47 /* Sources */,
				C4037AAA24342E2300150D47 /* Frameworks */,
				C4037AAB24342E2300150D47 /* Resources */,
			);
			buildRules = (
			);
			dependencies = (
				C465822925A292E000E4418D /* PBXTargetDependency */,
				C465819B25A27DC400E4418D /* PBXTargetDependency */,
			);
			name = Mu_AUT_Function;
			productName = MuTests;
			productReference = C4037AAD24342E2300150D47 /* Mu_AUT_Function.xctest */;
			productType = "com.apple.product-type.bundle.unit-test";
		};
		C4037AB724342E2300150D47 /* MuUITests */ = {
			isa = PBXNativeTarget;
			buildConfigurationList = C4037AC724342E2300150D47 /* Build configuration list for PBXNativeTarget "MuUITests" */;
			buildPhases = (
				C4037AB424342E2300150D47 /* Sources */,
				C4037AB524342E2300150D47 /* Frameworks */,
				C4037AB624342E2300150D47 /* Resources */,
			);
			buildRules = (
			);
			dependencies = (
				C4037ABA24342E2300150D47 /* PBXTargetDependency */,
			);
			name = MuUITests;
			productName = MuUITests;
			productReference = C4037AB824342E2300150D47 /* MuUITests.xctest */;
			productType = "com.apple.product-type.bundle.ui-testing";
		};
		C465817F25A27D6800E4418D /* SharedTestUtils */ = {
			isa = PBXNativeTarget;
			buildConfigurationList = C465818625A27D6800E4418D /* Build configuration list for PBXNativeTarget "SharedTestUtils" */;
			buildPhases = (
				E690887B66FED480F2EEBD53 /* [CP] Check Pods Manifest.lock */,
				C465817C25A27D6800E4418D /* Sources */,
				C465817D25A27D6800E4418D /* Frameworks */,
				C465817E25A27D6800E4418D /* CopyFiles */,
			);
			buildRules = (
			);
			dependencies = (
				C465822525A292C600E4418D /* PBXTargetDependency */,
			);
			name = SharedTestUtils;
			productName = SharedTestUtils;
			productReference = C465818025A27D6800E4418D /* libSharedTestUtils.a */;
			productType = "com.apple.product-type.library.static";
		};
		C465839225A2ACAB00E4418D /* Mu_AUT_Performance */ = {
			isa = PBXNativeTarget;
			buildConfigurationList = C465839A25A2ACAB00E4418D /* Build configuration list for PBXNativeTarget "Mu_AUT_Performance" */;
			buildPhases = (
				08AAC4007367673123253B9F /* [CP] Check Pods Manifest.lock */,
				C465838F25A2ACAB00E4418D /* Sources */,
				C465839025A2ACAB00E4418D /* Frameworks */,
				C465839125A2ACAB00E4418D /* Resources */,
			);
			buildRules = (
			);
			dependencies = (
				C46583AA25A2ACBC00E4418D /* PBXTargetDependency */,
				C465839925A2ACAB00E4418D /* PBXTargetDependency */,
			);
			name = Mu_AUT_Performance;
			productName = Mu_AUT_Performance;
			productReference = C465839325A2ACAB00E4418D /* Mu_AUT_Performance.xctest */;
			productType = "com.apple.product-type.bundle.unit-test";
		};
/* End PBXNativeTarget section */

/* Begin PBXProject section */
		C4037A8C24342E1F00150D47 /* Project object */ = {
			isa = PBXProject;
			attributes = {
				LastSwiftUpdateCheck = 1230;
				LastUpgradeCheck = 1200;
				ORGANIZATIONNAME = "Vincent Young";
				TargetAttributes = {
					C4037A9324342E1F00150D47 = {
						CreatedOnToolsVersion = 11.3.1;
					};
					C4037AAC24342E2300150D47 = {
						CreatedOnToolsVersion = 11.3.1;
						TestTargetID = C4037A9324342E1F00150D47;
					};
					C4037AB724342E2300150D47 = {
						CreatedOnToolsVersion = 11.3.1;
						TestTargetID = C4037A9324342E1F00150D47;
					};
					C465817F25A27D6800E4418D = {
						CreatedOnToolsVersion = 12.3;
					};
					C465839225A2ACAB00E4418D = {
						CreatedOnToolsVersion = 12.3;
						TestTargetID = C4037A9324342E1F00150D47;
					};
					C4EC7B8125958EB1003B6DD5 = {
						CreatedOnToolsVersion = 12.3;
					};
				};
			};
			buildConfigurationList = C4037A8F24342E1F00150D47 /* Build configuration list for PBXProject "Mu" */;
			compatibilityVersion = "Xcode 9.3";
			developmentRegion = en;
			hasScannedForEncodings = 0;
			knownRegions = (
				en,
				Base,
			);
			mainGroup = C4037A8B24342E1F00150D47;
			productRefGroup = C4037A9524342E1F00150D47 /* Products */;
			projectDirPath = "";
			projectRoot = "";
			targets = (
				C4037A9324342E1F00150D47 /* Mu */,
				C465817F25A27D6800E4418D /* SharedTestUtils */,
				C4037AAC24342E2300150D47 /* Mu_AUT_Function */,
				C465839225A2ACAB00E4418D /* Mu_AUT_Performance */,
				C4037AB724342E2300150D47 /* MuUITests */,
				C4EC7B8125958EB1003B6DD5 /* Versions */,
			);
		};
/* End PBXProject section */

/* Begin PBXResourcesBuildPhase section */
		C4037A9224342E1F00150D47 /* Resources */ = {
			isa = PBXResourcesBuildPhase;
			buildActionMask = 2147483647;
			files = (
				C4037AA124342E2300150D47 /* Assets.xcassets in Resources */,
				C4CFC59B259259F3000BA4DA /* GoogleService-Info-Debug.plist in Resources */,
				C4CFC59C259259F3000BA4DA /* GoogleService-Info-Release.plist in Resources */,
			);
			runOnlyForDeploymentPostprocessing = 0;
		};
		C4037AAB24342E2300150D47 /* Resources */ = {
			isa = PBXResourcesBuildPhase;
			buildActionMask = 2147483647;
			files = (
			);
			runOnlyForDeploymentPostprocessing = 0;
		};
		C4037AB624342E2300150D47 /* Resources */ = {
			isa = PBXResourcesBuildPhase;
			buildActionMask = 2147483647;
			files = (
			);
			runOnlyForDeploymentPostprocessing = 0;
		};
		C465839125A2ACAB00E4418D /* Resources */ = {
			isa = PBXResourcesBuildPhase;
			buildActionMask = 2147483647;
			files = (
			);
			runOnlyForDeploymentPostprocessing = 0;
		};
/* End PBXResourcesBuildPhase section */

/* Begin PBXShellScriptBuildPhase section */
		08AAC4007367673123253B9F /* [CP] Check Pods Manifest.lock */ = {
			isa = PBXShellScriptBuildPhase;
			buildActionMask = 2147483647;
			files = (
			);
			inputFileListPaths = (
			);
			inputPaths = (
				"${PODS_PODFILE_DIR_PATH}/Podfile.lock",
				"${PODS_ROOT}/Manifest.lock",
			);
			name = "[CP] Check Pods Manifest.lock";
			outputFileListPaths = (
			);
			outputPaths = (
				"$(DERIVED_FILE_DIR)/Pods-Mu_AUT_Performance-checkManifestLockResult.txt",
			);
			runOnlyForDeploymentPostprocessing = 0;
			shellPath = /bin/sh;
			shellScript = "diff \"${PODS_PODFILE_DIR_PATH}/Podfile.lock\" \"${PODS_ROOT}/Manifest.lock\" > /dev/null\nif [ $? != 0 ] ; then\n    # print error to STDERR\n    echo \"error: The sandbox is not in sync with the Podfile.lock. Run 'pod install' or update your CocoaPods installation.\" >&2\n    exit 1\nfi\n# This output is used by Xcode 'outputs' to avoid re-running this script phase.\necho \"SUCCESS\" > \"${SCRIPT_OUTPUT_FILE_0}\"\n";
			showEnvVarsInLog = 0;
		};
		3AB9327A9A597B79B798D49C /* [CP] Check Pods Manifest.lock */ = {
			isa = PBXShellScriptBuildPhase;
			buildActionMask = 2147483647;
			files = (
			);
			inputFileListPaths = (
			);
			inputPaths = (
				"${PODS_PODFILE_DIR_PATH}/Podfile.lock",
				"${PODS_ROOT}/Manifest.lock",
			);
			name = "[CP] Check Pods Manifest.lock";
			outputFileListPaths = (
			);
			outputPaths = (
				"$(DERIVED_FILE_DIR)/Pods-Mu-checkManifestLockResult.txt",
			);
			runOnlyForDeploymentPostprocessing = 0;
			shellPath = /bin/sh;
			shellScript = "diff \"${PODS_PODFILE_DIR_PATH}/Podfile.lock\" \"${PODS_ROOT}/Manifest.lock\" > /dev/null\nif [ $? != 0 ] ; then\n    # print error to STDERR\n    echo \"error: The sandbox is not in sync with the Podfile.lock. Run 'pod install' or update your CocoaPods installation.\" >&2\n    exit 1\nfi\n# This output is used by Xcode 'outputs' to avoid re-running this script phase.\necho \"SUCCESS\" > \"${SCRIPT_OUTPUT_FILE_0}\"\n";
			showEnvVarsInLog = 0;
		};
		B32CA8E36345B60628BB2E3C /* [CP] Check Pods Manifest.lock */ = {
			isa = PBXShellScriptBuildPhase;
			buildActionMask = 2147483647;
			files = (
			);
			inputFileListPaths = (
			);
			inputPaths = (
				"${PODS_PODFILE_DIR_PATH}/Podfile.lock",
				"${PODS_ROOT}/Manifest.lock",
			);
			name = "[CP] Check Pods Manifest.lock";
			outputFileListPaths = (
			);
			outputPaths = (
				"$(DERIVED_FILE_DIR)/Pods-Mu_AUT_Function-checkManifestLockResult.txt",
			);
			runOnlyForDeploymentPostprocessing = 0;
			shellPath = /bin/sh;
			shellScript = "diff \"${PODS_PODFILE_DIR_PATH}/Podfile.lock\" \"${PODS_ROOT}/Manifest.lock\" > /dev/null\nif [ $? != 0 ] ; then\n    # print error to STDERR\n    echo \"error: The sandbox is not in sync with the Podfile.lock. Run 'pod install' or update your CocoaPods installation.\" >&2\n    exit 1\nfi\n# This output is used by Xcode 'outputs' to avoid re-running this script phase.\necho \"SUCCESS\" > \"${SCRIPT_OUTPUT_FILE_0}\"\n";
			showEnvVarsInLog = 0;
		};
		C4CFC5C72592C696000BA4DA /* Log Build Variables */ = {
			isa = PBXShellScriptBuildPhase;
			buildActionMask = 2147483647;
			files = (
			);
			inputFileListPaths = (
			);
			inputPaths = (
			);
			name = "Log Build Variables";
			outputFileListPaths = (
			);
			outputPaths = (
			);
			runOnlyForDeploymentPostprocessing = 0;
			shellPath = /bin/sh;
			shellScript = "# Type a script or drag a script file from your workspace to insert its path.\nexport\n";
		};
		C4D443B7253F43E60035156D /* Run Crashlytics */ = {
			isa = PBXShellScriptBuildPhase;
			buildActionMask = 2147483647;
			files = (
			);
			inputFileListPaths = (
			);
			inputPaths = (
				"",
			);
			name = "Run Crashlytics";
			outputFileListPaths = (
			);
			outputPaths = (
			);
			runOnlyForDeploymentPostprocessing = 0;
			shellPath = /bin/sh;
			shellScript = "# Type a script or drag a script file from your workspace to insert its path.\n${PODS_ROOT}/FirebaseCrashlytics/run\n";
		};
		C4E8A833259053DB001BB09D /* Update GoogleService-Info.plist */ = {
			isa = PBXShellScriptBuildPhase;
			buildActionMask = 2147483647;
			files = (
			);
			inputFileListPaths = (
			);
			inputPaths = (
			);
			name = "Update GoogleService-Info.plist";
			outputFileListPaths = (
			);
			outputPaths = (
			);
			runOnlyForDeploymentPostprocessing = 0;
			shellPath = /bin/sh;
			shellScript = "APP_BUILD_OUTPUT=${BUILT_PRODUCTS_DIR}/${TARGET_NAME}.app\n\ncase \"${CONFIGURATION}\" in\n\n   \"Debug\" )\n        cp -r \"${APP_BUILD_OUTPUT}/GoogleService-Info-Debug.plist\" \"${APP_BUILD_OUTPUT}/GoogleService-Info.plist\" ;;\n    \n    \"Release\" )\n        cp -r \"${APP_BUILD_OUTPUT}/GoogleService-Info-Release.plist\" \"${APP_BUILD_OUTPUT}/GoogleService-Info.plist\" ;;\n        \nesac\n";
		};
		C4EC76F82596A6180059AA71 /* Check Git changes */ = {
			isa = PBXShellScriptBuildPhase;
			buildActionMask = 2147483647;
			files = (
			);
			inputFileListPaths = (
			);
			inputPaths = (
			);
			name = "Check Git changes";
			outputFileListPaths = (
			);
			outputPaths = (
			);
			runOnlyForDeploymentPostprocessing = 0;
			shellPath = /bin/sh;
			shellScript = "case \"${CONFIGURATION}\" in\n\n    \"Release\" )\n        ${PROJECT_DIR}/Versions/check-git-changes.sh ;;\n        \n    * )\n        ;;\n\nesac\n";
		};
		C4EC7B8B25958EC2003B6DD5 /* Update build versions */ = {
			isa = PBXShellScriptBuildPhase;
			alwaysOutOfDate = 1;
			buildActionMask = 2147483647;
			files = (
			);
			inputFileListPaths = (
			);
			inputPaths = (
			);
			name = "Update build versions";
			outputFileListPaths = (
			);
			outputPaths = (
			);
			runOnlyForDeploymentPostprocessing = 0;
			shellPath = /bin/sh;
			shellScript = "cd $PROJECT_DIR/Versions ; ./versions.sh\n";
		};
		E690887B66FED480F2EEBD53 /* [CP] Check Pods Manifest.lock */ = {
			isa = PBXShellScriptBuildPhase;
			buildActionMask = 2147483647;
			files = (
			);
			inputFileListPaths = (
			);
			inputPaths = (
				"${PODS_PODFILE_DIR_PATH}/Podfile.lock",
				"${PODS_ROOT}/Manifest.lock",
			);
			name = "[CP] Check Pods Manifest.lock";
			outputFileListPaths = (
			);
			outputPaths = (
				"$(DERIVED_FILE_DIR)/Pods-SharedTestUtils-checkManifestLockResult.txt",
			);
			runOnlyForDeploymentPostprocessing = 0;
			shellPath = /bin/sh;
			shellScript = "diff \"${PODS_PODFILE_DIR_PATH}/Podfile.lock\" \"${PODS_ROOT}/Manifest.lock\" > /dev/null\nif [ $? != 0 ] ; then\n    # print error to STDERR\n    echo \"error: The sandbox is not in sync with the Podfile.lock. Run 'pod install' or update your CocoaPods installation.\" >&2\n    exit 1\nfi\n# This output is used by Xcode 'outputs' to avoid re-running this script phase.\necho \"SUCCESS\" > \"${SCRIPT_OUTPUT_FILE_0}\"\n";
			showEnvVarsInLog = 0;
		};
/* End PBXShellScriptBuildPhase section */

/* Begin PBXSourcesBuildPhase section */
		C4037A9024342E1F00150D47 /* Sources */ = {
			isa = PBXSourcesBuildPhase;
			buildActionMask = 2147483647;
			files = (
				C48F02482448A5730088227F /* Tag.swift in Sources */,
				C47389992482CCB400462134 /* DayPattern.swift in Sources */,
				C442AE0D2546D71000A9EB72 /* ErrorManager.swift in Sources */,
				C41A73E82451CA8F007007CB /* TodayCollectionViewControllerRepresentable.swift in Sources */,
				C492BDDC255B93EF0054CD2A /* FetchRequests.swift in Sources */,
				C499FFF4247371FA00ABB64C /* TaskTargetSet.swift in Sources */,
				C466A7A624473A2500EC3E97 /* Date+Extensions.swift in Sources */,
				C4ACD3C9250D6FCB00D56277 /* AddTagPopup.swift in Sources */,
				C46C466B247DFC83001431B8 /* TaskInstance.swift in Sources */,
				C42B5B4D259ACD6E00E6A093 /* ErrorView.swift in Sources */,
				C4DB3ED92491508700C2DC8E /* ConfirmDeletePopup.swift in Sources */,
				C4F4BBC22471C30900065E4B /* TaskTargetSetView.swift in Sources */,
				C4A10C7D24E9BD9A00F015A4 /* SelectDatesSection.swift in Sources */,
				C409257C248664A600E463DA /* TaskTargetSetPopup.swift in Sources */,
				C46DC96C243DEC420037C74C /* ManageView.swift in Sources */,
				C4D618F8252EA085009A9751 /* SettingsPresentationDetailView.swift in Sources */,
				C4037A9824342E1F00150D47 /* AppDelegate.swift in Sources */,
				C48F024A2448A5730088227F /* LegendEntry.swift in Sources */,
				C41A73EA2451CABC007007CB /* TodayCollectionViewController.swift in Sources */,
				C416E6BF251808000063309F /* SettingsPresentationView.swift in Sources */,
				C4FA83FF25323A3C0079BB81 /* ThemeManager.swift in Sources */,
				C46DC96E243DEC480037C74C /* SettingsView.swift in Sources */,
				C4697EE224561BEF00B028A2 /* CDCoordinator.swift in Sources */,
				C44C7F8B243DCD3D00072AD8 /* SceneDelegate.swift in Sources */,
				C436D34C24505CAD001ED468 /* TodayCollectionViewCell.swift in Sources */,
				C41A73ED245207F7007007CB /* EditTaskHostingController.swift in Sources */,
				C46FD050253CE81300CE489E /* UINavigationController+Extensions.swift in Sources */,
				C41F8733248F8FF2008AC18D /* Float+Extensions.swift in Sources */,
				C4F7494D25A42E130085395B /* Set+Extensions.swift in Sources */,
				C4DAFA1624A35F82007E85AB /* NSManagedObject+Extensions.swift in Sources */,
				C499FFED247364DF00ABB64C /* SaveFormatter.swift in Sources */,
				C43AE1C1256075D200F1D560 /* CollectionSizer.swift in Sources */,
				C4130C2324C86E9A003EF047 /* TaskTypeSection.swift in Sources */,
				C48F02562448A5730088227F /* Analysis.swift in Sources */,
				C41A73E62451BFD2007007CB /* EditTask.swift in Sources */,
				C4578D2324B4065C008BD3D4 /* TaskNameTextFieldSection.swift in Sources */,
				C41D107824BDCBA800549CA1 /* DayBubbleLabels.swift in Sources */,
				C48F02442448A5730088227F /* TaskSummaryAnalysis.swift in Sources */,
				C4D9DB692547614B002F0B40 /* SetCountPopupHostingController.swift in Sources */,
				C4037A9D24342E1F00150D47 /* Mu.xcdatamodeld in Sources */,
				C4D9DB6425475771002F0B40 /* SetCountPopup.swift in Sources */,
				C482233324BA57B000E6426E /* TaskTargetSetSection.swift in Sources */,
				C48F024E2448A5730088227F /* Task.swift in Sources */,
				C4EADF7324889D1C0080CD01 /* BubbleRows.swift in Sources */,
				C43BD951244472A4003E68DC /* AddTask.swift in Sources */,
				C4578D2524B4076D008BD3D4 /* StartAndEndDateSection.swift in Sources */,
				C4908D28253E20A100B51ADF /* SelectDatePopup.swift in Sources */,
				C46DC96A243DEC3B0037C74C /* AnalysisView.swift in Sources */,
				C46DC968243DEBB20037C74C /* TodayView.swift in Sources */,
				C40416EF259E7AA400849E1D /* ErrorViewHostingController.swift in Sources */,
				C44C7F89243DCCC900072AD8 /* MainTabBarView.swift in Sources */,
				C48F9762245ADBC3000339E9 /* SetDatePopup.swift in Sources */,
				C4ACD3CB250D715100D56277 /* TagsSection.swift in Sources */,
				C4A10C7F24E9C29000F015A4 /* AddDatePopup.swift in Sources */,
				C4FC99D8253BF15200E2359F /* Notification.Name+Extensions.swift in Sources */,
			);
			runOnlyForDeploymentPostprocessing = 0;
		};
		C4037AA924342E2300150D47 /* Sources */ = {
			isa = PBXSourcesBuildPhase;
			buildActionMask = 2147483647;
			files = (
				C45790AE249FE74C002E16D5 /* Task-Tests.swift in Sources */,
				C4925036254F942400A3C424 /* TodayCollectionViewCell-Tests.swift in Sources */,
				C4E5D5F225042F6C00557373 /* Task-InstanceDelta-Tests.swift in Sources */,
				C406563424AA01A9002926EB /* TaskTargetSet-Tests.swift in Sources */,
				C4C961C6250A432000C7EEEA /* DayBubbleLabels-Tests.swift in Sources */,
				C406563724AA08E9002926EB /* Tag-Tests.swift in Sources */,
				C46C2BDA2505DF62000320B4 /* EditTaskHostingController-Tests.swift in Sources */,
				C4C5FDE5250E7189004FAE47 /* AddTagPopup-Tests.swift in Sources */,
				C44940C92498D713009FE818 /* SaveFormatter-Tests.swift in Sources */,
				C4B2AC6F249ECDD000FC98F1 /* TaskTargetSetView-Tests.swift in Sources */,
				C4E5D5EE250426A000557373 /* Task-TagHandling-Tests.swift in Sources */,
				C4E5D5F525042F9400557373 /* Task-InstanceHandling-Tests.swift in Sources */,
				C4D8A34D249EB1D7008B3B9C /* Date-Extension-Tests.swift in Sources */,
				C4B2AC73249EEE8E00FC98F1 /* TaskTargetSetPopup-Tests.swift in Sources */,
				C46C2BD62505D69C000320B4 /* Float-Extension-Tests.swift in Sources */,
				C44940CD2498F113009FE818 /* BubbleRows-Tests.swift in Sources */,
				C43AE1D42560C12700F1D560 /* CollectionSizer-Tests.swift in Sources */,
			);
			runOnlyForDeploymentPostprocessing = 0;
		};
		C4037AB424342E2300150D47 /* Sources */ = {
			isa = PBXSourcesBuildPhase;
			buildActionMask = 2147483647;
			files = (
				C4130C1D24C6FB6B003EF047 /* LowEqualToHighTests.swift in Sources */,
				C49B3464243921FE00CF3FCD /* MainTabBarUITests.swift in Sources */,
				C430EEAC24BF822A00BD98FD /* InsufficientInputUITests.swift in Sources */,
				C4130C1924C6FB4F003EF047 /* LowOnlyTests.swift in Sources */,
				C4130C1F24C6FB7A003EF047 /* LowGreaterThanHighTests.swift in Sources */,
				C4DCDFBA24B12A3B008F727F /* XCUIElement+Extensions.swift in Sources */,
				C4FE995124BB8E3F0050C217 /* SetDatePopupUITests.swift in Sources */,
				C4037ABD24342E2300150D47 /* AddTaskUITests.swift in Sources */,
				C4130C2124C6FB85003EF047 /* LowLessThanHighTests.swift in Sources */,
				C462C054243A1F9600EBB940 /* TodayViewControllerUITests.swift in Sources */,
				C4130C1B24C6FB56003EF047 /* HighOnlyTests.swift in Sources */,
			);
			runOnlyForDeploymentPostprocessing = 0;
		};
		C465817C25A27D6800E4418D /* Sources */ = {
			isa = PBXSourcesBuildPhase;
			buildActionMask = 2147483647;
			files = (
				C465840C25A2B61000E4418D /* Task-InstanceHandling-Tests-Util.swift in Sources */,
				C46583E825A2B04000E4418D /* Task-InstanceDelta-Tests-Util.swift in Sources */,
				C46581B325A289FD00E4418D /* TestContainer.swift in Sources */,
				C46581B425A289FD00E4418D /* Extensions.swift in Sources */,
				C46583E025A2AF4F00E4418D /* Task-TagHandling-Tests-Util.swift in Sources */,
			);
			runOnlyForDeploymentPostprocessing = 0;
		};
		C465838F25A2ACAB00E4418D /* Sources */ = {
			isa = PBXSourcesBuildPhase;
			buildActionMask = 2147483647;
			files = (
				C465839625A2ACAB00E4418D /* Task-TagHandling-Tests-Performance.swift in Sources */,
				C465841A25A2B83000E4418D /* Task-InstanceHandling-Tests-Performance.swift in Sources */,
				C46583FE25A2B0B500E4418D /* Task-InstanceDelta-Tests-Performance.swift in Sources */,
			);
			runOnlyForDeploymentPostprocessing = 0;
		};
/* End PBXSourcesBuildPhase section */

/* Begin PBXTargetDependency section */
		C4037ABA24342E2300150D47 /* PBXTargetDependency */ = {
			isa = PBXTargetDependency;
			target = C4037A9324342E1F00150D47 /* Mu */;
			targetProxy = C4037AB924342E2300150D47 /* PBXContainerItemProxy */;
		};
		C465819B25A27DC400E4418D /* PBXTargetDependency */ = {
			isa = PBXTargetDependency;
			target = C465817F25A27D6800E4418D /* SharedTestUtils */;
			targetProxy = C465819A25A27DC400E4418D /* PBXContainerItemProxy */;
		};
		C465822525A292C600E4418D /* PBXTargetDependency */ = {
			isa = PBXTargetDependency;
			target = C4037A9324342E1F00150D47 /* Mu */;
			targetProxy = C465822425A292C600E4418D /* PBXContainerItemProxy */;
		};
		C465822925A292E000E4418D /* PBXTargetDependency */ = {
			isa = PBXTargetDependency;
			target = C4037A9324342E1F00150D47 /* Mu */;
			targetProxy = C465822825A292E000E4418D /* PBXContainerItemProxy */;
		};
		C465839925A2ACAB00E4418D /* PBXTargetDependency */ = {
			isa = PBXTargetDependency;
			target = C4037A9324342E1F00150D47 /* Mu */;
			targetProxy = C465839825A2ACAB00E4418D /* PBXContainerItemProxy */;
		};
		C46583AA25A2ACBC00E4418D /* PBXTargetDependency */ = {
			isa = PBXTargetDependency;
			target = C465817F25A27D6800E4418D /* SharedTestUtils */;
			targetProxy = C46583A925A2ACBC00E4418D /* PBXContainerItemProxy */;
		};
		C4EC7B8A25958EB9003B6DD5 /* PBXTargetDependency */ = {
			isa = PBXTargetDependency;
			target = C4EC7B8125958EB1003B6DD5 /* Versions */;
			targetProxy = C4EC7B8925958EB9003B6DD5 /* PBXContainerItemProxy */;
		};
/* End PBXTargetDependency section */

/* Begin XCBuildConfiguration section */
		C4037ABF24342E2300150D47 /* Debug */ = {
			isa = XCBuildConfiguration;
			buildSettings = {
				ALWAYS_SEARCH_USER_PATHS = NO;
				CLANG_ANALYZER_NONNULL = YES;
				CLANG_ANALYZER_NUMBER_OBJECT_CONVERSION = YES_AGGRESSIVE;
				CLANG_CXX_LANGUAGE_STANDARD = "gnu++14";
				CLANG_CXX_LIBRARY = "libc++";
				CLANG_ENABLE_MODULES = YES;
				CLANG_ENABLE_OBJC_ARC = YES;
				CLANG_ENABLE_OBJC_WEAK = YES;
				CLANG_WARN_BLOCK_CAPTURE_AUTORELEASING = YES;
				CLANG_WARN_BOOL_CONVERSION = YES;
				CLANG_WARN_COMMA = YES;
				CLANG_WARN_CONSTANT_CONVERSION = YES;
				CLANG_WARN_DEPRECATED_OBJC_IMPLEMENTATIONS = YES;
				CLANG_WARN_DIRECT_OBJC_ISA_USAGE = YES_ERROR;
				CLANG_WARN_DOCUMENTATION_COMMENTS = YES;
				CLANG_WARN_EMPTY_BODY = YES;
				CLANG_WARN_ENUM_CONVERSION = YES;
				CLANG_WARN_INFINITE_RECURSION = YES;
				CLANG_WARN_INT_CONVERSION = YES;
				CLANG_WARN_NON_LITERAL_NULL_CONVERSION = YES;
				CLANG_WARN_OBJC_IMPLICIT_RETAIN_SELF = YES;
				CLANG_WARN_OBJC_LITERAL_CONVERSION = YES;
				CLANG_WARN_OBJC_ROOT_CLASS = YES_ERROR;
				CLANG_WARN_QUOTED_INCLUDE_IN_FRAMEWORK_HEADER = YES;
				CLANG_WARN_RANGE_LOOP_ANALYSIS = YES;
				CLANG_WARN_STRICT_PROTOTYPES = YES;
				CLANG_WARN_SUSPICIOUS_MOVE = YES;
				CLANG_WARN_UNGUARDED_AVAILABILITY = YES_AGGRESSIVE;
				CLANG_WARN_UNREACHABLE_CODE = YES;
				CLANG_WARN__DUPLICATE_METHOD_MATCH = YES;
				COPY_PHASE_STRIP = NO;
				DEBUG_INFORMATION_FORMAT = "dwarf-with-dsym";
				ENABLE_STRICT_OBJC_MSGSEND = YES;
				ENABLE_TESTABILITY = YES;
				GCC_C_LANGUAGE_STANDARD = gnu11;
				GCC_DYNAMIC_NO_PIC = NO;
				GCC_NO_COMMON_BLOCKS = YES;
				GCC_OPTIMIZATION_LEVEL = 0;
				GCC_PREPROCESSOR_DEFINITIONS = (
					"DEBUG=1",
					"$(inherited)",
				);
				GCC_WARN_64_TO_32_BIT_CONVERSION = YES;
				GCC_WARN_ABOUT_RETURN_TYPE = YES_ERROR;
				GCC_WARN_UNDECLARED_SELECTOR = YES;
				GCC_WARN_UNINITIALIZED_AUTOS = YES_AGGRESSIVE;
				GCC_WARN_UNUSED_FUNCTION = YES;
				GCC_WARN_UNUSED_VARIABLE = YES;
				INFOPLIST_PREFIX_HEADER = "${PROJECT_DIR}/Versions/versions.h";
				INFOPLIST_PREPROCESS = YES;
				IPHONEOS_DEPLOYMENT_TARGET = 14.0;
				MTL_ENABLE_DEBUG_INFO = INCLUDE_SOURCE;
				MTL_FAST_MATH = YES;
				ONLY_ACTIVE_ARCH = YES;
				SDKROOT = iphoneos;
				SWIFT_ACTIVE_COMPILATION_CONDITIONS = DEBUG;
				SWIFT_OPTIMIZATION_LEVEL = "-Onone";
			};
			name = Debug;
		};
		C4037AC024342E2300150D47 /* Release */ = {
			isa = XCBuildConfiguration;
			buildSettings = {
				ALWAYS_SEARCH_USER_PATHS = NO;
				CLANG_ANALYZER_NONNULL = YES;
				CLANG_ANALYZER_NUMBER_OBJECT_CONVERSION = YES_AGGRESSIVE;
				CLANG_CXX_LANGUAGE_STANDARD = "gnu++14";
				CLANG_CXX_LIBRARY = "libc++";
				CLANG_ENABLE_MODULES = YES;
				CLANG_ENABLE_OBJC_ARC = YES;
				CLANG_ENABLE_OBJC_WEAK = YES;
				CLANG_WARN_BLOCK_CAPTURE_AUTORELEASING = YES;
				CLANG_WARN_BOOL_CONVERSION = YES;
				CLANG_WARN_COMMA = YES;
				CLANG_WARN_CONSTANT_CONVERSION = YES;
				CLANG_WARN_DEPRECATED_OBJC_IMPLEMENTATIONS = YES;
				CLANG_WARN_DIRECT_OBJC_ISA_USAGE = YES_ERROR;
				CLANG_WARN_DOCUMENTATION_COMMENTS = YES;
				CLANG_WARN_EMPTY_BODY = YES;
				CLANG_WARN_ENUM_CONVERSION = YES;
				CLANG_WARN_INFINITE_RECURSION = YES;
				CLANG_WARN_INT_CONVERSION = YES;
				CLANG_WARN_NON_LITERAL_NULL_CONVERSION = YES;
				CLANG_WARN_OBJC_IMPLICIT_RETAIN_SELF = YES;
				CLANG_WARN_OBJC_LITERAL_CONVERSION = YES;
				CLANG_WARN_OBJC_ROOT_CLASS = YES_ERROR;
				CLANG_WARN_QUOTED_INCLUDE_IN_FRAMEWORK_HEADER = YES;
				CLANG_WARN_RANGE_LOOP_ANALYSIS = YES;
				CLANG_WARN_STRICT_PROTOTYPES = YES;
				CLANG_WARN_SUSPICIOUS_MOVE = YES;
				CLANG_WARN_UNGUARDED_AVAILABILITY = YES_AGGRESSIVE;
				CLANG_WARN_UNREACHABLE_CODE = YES;
				CLANG_WARN__DUPLICATE_METHOD_MATCH = YES;
				COPY_PHASE_STRIP = NO;
				DEBUG_INFORMATION_FORMAT = "dwarf-with-dsym";
				ENABLE_NS_ASSERTIONS = NO;
				ENABLE_STRICT_OBJC_MSGSEND = YES;
				GCC_C_LANGUAGE_STANDARD = gnu11;
				GCC_NO_COMMON_BLOCKS = YES;
				GCC_WARN_64_TO_32_BIT_CONVERSION = YES;
				GCC_WARN_ABOUT_RETURN_TYPE = YES_ERROR;
				GCC_WARN_UNDECLARED_SELECTOR = YES;
				GCC_WARN_UNINITIALIZED_AUTOS = YES_AGGRESSIVE;
				GCC_WARN_UNUSED_FUNCTION = YES;
				GCC_WARN_UNUSED_VARIABLE = YES;
				INFOPLIST_PREFIX_HEADER = "${PROJECT_DIR}/Versions/versions.h";
				INFOPLIST_PREPROCESS = YES;
				IPHONEOS_DEPLOYMENT_TARGET = 14.0;
				MTL_ENABLE_DEBUG_INFO = NO;
				MTL_FAST_MATH = YES;
				SDKROOT = iphoneos;
				SWIFT_COMPILATION_MODE = wholemodule;
				SWIFT_OPTIMIZATION_LEVEL = "-O";
				VALIDATE_PRODUCT = YES;
			};
			name = Release;
		};
		C4037AC224342E2300150D47 /* Debug */ = {
			isa = XCBuildConfiguration;
			baseConfigurationReference = F3152598BE06FF5A4A09550D /* Pods-Mu.debug.xcconfig */;
			buildSettings = {
				ASSETCATALOG_COMPILER_APPICON_NAME = AppIcon;
				CODE_SIGN_STYLE = Automatic;
				DEVELOPMENT_ASSET_PATHS = "";
				DEVELOPMENT_TEAM = 3X6BZVFX73;
				ENABLE_PREVIEWS = YES;
				FRAMEWORK_SEARCH_PATHS = (
					"$(inherited)",
					"$(PROJECT_DIR)/Pods/FirebaseAnalytics/Frameworks",
					"$(PROJECT_DIR)/Pods/GoogleAppMeasurement/Frameworks",
				);
				INFOPLIST_FILE = Mu/Info.plist;
				IPHONEOS_DEPLOYMENT_TARGET = 14.0;
				LD_RUNPATH_SEARCH_PATHS = (
					"$(inherited)",
					"@executable_path/Frameworks",
				);
				PRODUCT_BUNDLE_IDENTIFIER = Leko.Mu;
				PRODUCT_NAME = "$(TARGET_NAME)";
				SWIFT_VERSION = 5.0;
				TARGETED_DEVICE_FAMILY = "1,2";
			};
			name = Debug;
		};
		C4037AC324342E2300150D47 /* Release */ = {
			isa = XCBuildConfiguration;
			baseConfigurationReference = 93F818CCB99A1927A9AB33BB /* Pods-Mu.release.xcconfig */;
			buildSettings = {
				ASSETCATALOG_COMPILER_APPICON_NAME = AppIcon;
				CODE_SIGN_STYLE = Automatic;
				DEVELOPMENT_ASSET_PATHS = "";
				DEVELOPMENT_TEAM = 3X6BZVFX73;
				ENABLE_PREVIEWS = YES;
				FRAMEWORK_SEARCH_PATHS = (
					"$(inherited)",
					"$(PROJECT_DIR)/Pods/FirebaseAnalytics/Frameworks",
					"$(PROJECT_DIR)/Pods/GoogleAppMeasurement/Frameworks",
				);
				INFOPLIST_FILE = Mu/Info.plist;
				IPHONEOS_DEPLOYMENT_TARGET = 14.0;
				LD_RUNPATH_SEARCH_PATHS = (
					"$(inherited)",
					"@executable_path/Frameworks",
				);
				PRODUCT_BUNDLE_IDENTIFIER = Leko.Mu;
				PRODUCT_NAME = "$(TARGET_NAME)";
				SWIFT_VERSION = 5.0;
				TARGETED_DEVICE_FAMILY = "1,2";
			};
			name = Release;
		};
		C4037AC524342E2300150D47 /* Debug */ = {
			isa = XCBuildConfiguration;
			baseConfigurationReference = 7C335750AD2B685FE639E3DE /* Pods-Mu_AUT_Function.debug.xcconfig */;
			buildSettings = {
				ALWAYS_EMBED_SWIFT_STANDARD_LIBRARIES = YES;
				BUNDLE_LOADER = "$(TEST_HOST)";
				CODE_SIGN_STYLE = Automatic;
				DEVELOPMENT_TEAM = 3X6BZVFX73;
				"HEADER_SEARCH_PATHS[arch=*]" = "\"${PODS_ROOT}/Firebase/CoreOnly/Sources\"/**";
				INFOPLIST_FILE = "${TARGET_NAME}/Info.plist";
				IPHONEOS_DEPLOYMENT_TARGET = 14.0;
				LD_RUNPATH_SEARCH_PATHS = (
					"$(inherited)",
					"@executable_path/Frameworks",
					"@loader_path/Frameworks",
				);
				PRODUCT_BUNDLE_IDENTIFIER = Leko.Mu_AUT_Function;
				PRODUCT_NAME = "$(TARGET_NAME)";
				SWIFT_VERSION = 5.0;
				TARGETED_DEVICE_FAMILY = "1,2";
				TEST_HOST = "$(BUILT_PRODUCTS_DIR)/Mu.app/Mu";
			};
			name = Debug;
		};
		C4037AC624342E2300150D47 /* Release */ = {
			isa = XCBuildConfiguration;
			baseConfigurationReference = 44EADB854E2DD1067EE7C493 /* Pods-Mu_AUT_Function.release.xcconfig */;
			buildSettings = {
				ALWAYS_EMBED_SWIFT_STANDARD_LIBRARIES = YES;
				BUNDLE_LOADER = "$(TEST_HOST)";
				CODE_SIGN_STYLE = Automatic;
				DEVELOPMENT_TEAM = 3X6BZVFX73;
				"HEADER_SEARCH_PATHS[arch=*]" = "\"${PODS_ROOT}/Firebase/CoreOnly/Sources\"/**";
				INFOPLIST_FILE = "${TARGET_NAME}/Info.plist";
				IPHONEOS_DEPLOYMENT_TARGET = 14.0;
				LD_RUNPATH_SEARCH_PATHS = (
					"$(inherited)",
					"@executable_path/Frameworks",
					"@loader_path/Frameworks",
				);
				PRODUCT_BUNDLE_IDENTIFIER = Leko.Mu_AUT_Function;
				PRODUCT_NAME = "$(TARGET_NAME)";
				SWIFT_VERSION = 5.0;
				TARGETED_DEVICE_FAMILY = "1,2";
				TEST_HOST = "$(BUILT_PRODUCTS_DIR)/Mu.app/Mu";
			};
			name = Release;
		};
		C4037AC824342E2300150D47 /* Debug */ = {
			isa = XCBuildConfiguration;
			buildSettings = {
				ALWAYS_EMBED_SWIFT_STANDARD_LIBRARIES = YES;
				CODE_SIGN_STYLE = Automatic;
				DEVELOPMENT_TEAM = 3X6BZVFX73;
				INFOPLIST_FILE = "${TARGET_NAME}/Info.plist";
				LD_RUNPATH_SEARCH_PATHS = (
					"$(inherited)",
					"@executable_path/Frameworks",
					"@loader_path/Frameworks",
				);
				PRODUCT_BUNDLE_IDENTIFIER = Leko.MuUITests;
				PRODUCT_NAME = "$(TARGET_NAME)";
				SWIFT_VERSION = 5.0;
				TARGETED_DEVICE_FAMILY = "1,2";
				TEST_TARGET_NAME = Mu;
			};
			name = Debug;
		};
		C4037AC924342E2300150D47 /* Release */ = {
			isa = XCBuildConfiguration;
			buildSettings = {
				ALWAYS_EMBED_SWIFT_STANDARD_LIBRARIES = YES;
				CODE_SIGN_STYLE = Automatic;
				DEVELOPMENT_TEAM = 3X6BZVFX73;
				INFOPLIST_FILE = "${TARGET_NAME}/Info.plist";
				LD_RUNPATH_SEARCH_PATHS = (
					"$(inherited)",
					"@executable_path/Frameworks",
					"@loader_path/Frameworks",
				);
				PRODUCT_BUNDLE_IDENTIFIER = Leko.MuUITests;
				PRODUCT_NAME = "$(TARGET_NAME)";
				SWIFT_VERSION = 5.0;
				TARGETED_DEVICE_FAMILY = "1,2";
				TEST_TARGET_NAME = Mu;
			};
			name = Release;
		};
		C465818425A27D6800E4418D /* Debug */ = {
			isa = XCBuildConfiguration;
			baseConfigurationReference = 290DCD335251535455118312 /* Pods-SharedTestUtils.debug.xcconfig */;
			buildSettings = {
				CODE_SIGN_STYLE = Automatic;
				DEBUG_INFORMATION_FORMAT = dwarf;
				DEVELOPMENT_TEAM = 3X6BZVFX73;
				IPHONEOS_DEPLOYMENT_TARGET = 14.0;
				OTHER_LDFLAGS = "-ObjC";
				PRODUCT_NAME = "$(TARGET_NAME)";
				SKIP_INSTALL = YES;
				SWIFT_VERSION = 5.0;
				TARGETED_DEVICE_FAMILY = "1,2";
			};
			name = Debug;
		};
		C465818525A27D6800E4418D /* Release */ = {
			isa = XCBuildConfiguration;
			baseConfigurationReference = 51C447A60DCA459E4B8AB193 /* Pods-SharedTestUtils.release.xcconfig */;
			buildSettings = {
				CODE_SIGN_STYLE = Automatic;
				DEVELOPMENT_TEAM = 3X6BZVFX73;
				IPHONEOS_DEPLOYMENT_TARGET = 14.0;
				OTHER_LDFLAGS = "-ObjC";
				PRODUCT_NAME = "$(TARGET_NAME)";
				SKIP_INSTALL = YES;
				SWIFT_VERSION = 5.0;
				TARGETED_DEVICE_FAMILY = "1,2";
			};
			name = Release;
		};
		C465839B25A2ACAB00E4418D /* Debug */ = {
			isa = XCBuildConfiguration;
			baseConfigurationReference = A42EEF8790153313551F5B71 /* Pods-Mu_AUT_Performance.debug.xcconfig */;
			buildSettings = {
				BUNDLE_LOADER = "$(TEST_HOST)";
				CODE_SIGN_STYLE = Automatic;
				DEBUG_INFORMATION_FORMAT = dwarf;
				DEVELOPMENT_TEAM = 3X6BZVFX73;
				INFOPLIST_FILE = Mu_AUT_Performance/Info.plist;
				IPHONEOS_DEPLOYMENT_TARGET = 14.0;
				LD_RUNPATH_SEARCH_PATHS = (
					"$(inherited)",
					"@executable_path/Frameworks",
					"@loader_path/Frameworks",
				);
				PRODUCT_BUNDLE_IDENTIFIER = "Test.Mu-AUT-Performance";
				PRODUCT_NAME = "$(TARGET_NAME)";
				SWIFT_VERSION = 5.0;
				TARGETED_DEVICE_FAMILY = "1,2";
				TEST_HOST = "$(BUILT_PRODUCTS_DIR)/Mu.app/Mu";
			};
			name = Debug;
		};
		C465839C25A2ACAB00E4418D /* Release */ = {
			isa = XCBuildConfiguration;
			baseConfigurationReference = 52A0B081CA2AE527419E07AE /* Pods-Mu_AUT_Performance.release.xcconfig */;
			buildSettings = {
				BUNDLE_LOADER = "$(TEST_HOST)";
				CODE_SIGN_STYLE = Automatic;
				DEVELOPMENT_TEAM = 3X6BZVFX73;
				INFOPLIST_FILE = Mu_AUT_Performance/Info.plist;
				IPHONEOS_DEPLOYMENT_TARGET = 14.0;
				LD_RUNPATH_SEARCH_PATHS = (
					"$(inherited)",
					"@executable_path/Frameworks",
					"@loader_path/Frameworks",
				);
				PRODUCT_BUNDLE_IDENTIFIER = "Test.Mu-AUT-Performance";
				PRODUCT_NAME = "$(TARGET_NAME)";
				SWIFT_VERSION = 5.0;
				TARGETED_DEVICE_FAMILY = "1,2";
				TEST_HOST = "$(BUILT_PRODUCTS_DIR)/Mu.app/Mu";
			};
			name = Release;
		};
		C4EC7B8325958EB1003B6DD5 /* Debug */ = {
			isa = XCBuildConfiguration;
			buildSettings = {
				CODE_SIGN_STYLE = Automatic;
				DEVELOPMENT_TEAM = 3X6BZVFX73;
				PRODUCT_NAME = "$(TARGET_NAME)";
			};
			name = Debug;
		};
		C4EC7B8425958EB1003B6DD5 /* Release */ = {
			isa = XCBuildConfiguration;
			buildSettings = {
				CODE_SIGN_STYLE = Automatic;
				DEVELOPMENT_TEAM = 3X6BZVFX73;
				PRODUCT_NAME = "$(TARGET_NAME)";
			};
			name = Release;
		};
/* End XCBuildConfiguration section */

/* Begin XCConfigurationList section */
		C4037A8F24342E1F00150D47 /* Build configuration list for PBXProject "Mu" */ = {
			isa = XCConfigurationList;
			buildConfigurations = (
				C4037ABF24342E2300150D47 /* Debug */,
				C4037AC024342E2300150D47 /* Release */,
			);
			defaultConfigurationIsVisible = 0;
			defaultConfigurationName = Release;
		};
		C4037AC124342E2300150D47 /* Build configuration list for PBXNativeTarget "Mu" */ = {
			isa = XCConfigurationList;
			buildConfigurations = (
				C4037AC224342E2300150D47 /* Debug */,
				C4037AC324342E2300150D47 /* Release */,
			);
			defaultConfigurationIsVisible = 0;
			defaultConfigurationName = Release;
		};
		C4037AC424342E2300150D47 /* Build configuration list for PBXNativeTarget "Mu_AUT_Function" */ = {
			isa = XCConfigurationList;
			buildConfigurations = (
				C4037AC524342E2300150D47 /* Debug */,
				C4037AC624342E2300150D47 /* Release */,
			);
			defaultConfigurationIsVisible = 0;
			defaultConfigurationName = Release;
		};
		C4037AC724342E2300150D47 /* Build configuration list for PBXNativeTarget "MuUITests" */ = {
			isa = XCConfigurationList;
			buildConfigurations = (
				C4037AC824342E2300150D47 /* Debug */,
				C4037AC924342E2300150D47 /* Release */,
			);
			defaultConfigurationIsVisible = 0;
			defaultConfigurationName = Release;
		};
		C465818625A27D6800E4418D /* Build configuration list for PBXNativeTarget "SharedTestUtils" */ = {
			isa = XCConfigurationList;
			buildConfigurations = (
				C465818425A27D6800E4418D /* Debug */,
				C465818525A27D6800E4418D /* Release */,
			);
			defaultConfigurationIsVisible = 0;
			defaultConfigurationName = Release;
		};
		C465839A25A2ACAB00E4418D /* Build configuration list for PBXNativeTarget "Mu_AUT_Performance" */ = {
			isa = XCConfigurationList;
			buildConfigurations = (
				C465839B25A2ACAB00E4418D /* Debug */,
				C465839C25A2ACAB00E4418D /* Release */,
			);
			defaultConfigurationIsVisible = 0;
			defaultConfigurationName = Release;
		};
		C4EC7B8225958EB1003B6DD5 /* Build configuration list for PBXAggregateTarget "Versions" */ = {
			isa = XCConfigurationList;
			buildConfigurations = (
				C4EC7B8325958EB1003B6DD5 /* Debug */,
				C4EC7B8425958EB1003B6DD5 /* Release */,
			);
			defaultConfigurationIsVisible = 0;
			defaultConfigurationName = Release;
		};
/* End XCConfigurationList section */

/* Begin XCVersionGroup section */
		C4037A9B24342E1F00150D47 /* Mu.xcdatamodeld */ = {
			isa = XCVersionGroup;
			children = (
				C4037A9C24342E1F00150D47 /* Mu.xcdatamodel */,
			);
			currentVersion = C4037A9C24342E1F00150D47 /* Mu.xcdatamodel */;
			path = Mu.xcdatamodeld;
			sourceTree = "<group>";
			versionGroupType = wrapper.xcdatamodel;
		};
/* End XCVersionGroup section */
	};
	rootObject = C4037A8C24342E1F00150D47 /* Project object */;
}
